
Microsoft Visual Studio Solution File, Format Version 12.00
# Visual Studio Version 17
VisualStudioVersion = 17.2.32505.173
MinimumVisualStudioVersion = 10.0.40219.1
Project("{D954291E-2A0B-460D-934E-DC6B0785DB48}") = "Lottie", "source\Lottie\Lottie.shproj", "{8EF7BD77-28E9-4998-8DBB-8036F988FE65}"
EndProject
Project("{D954291E-2A0B-460D-934E-DC6B0785DB48}") = "LottieData", "source\LottieData\LottieData.shproj", "{B3DB16EE-A821-4474-A188-E64926529BBD}"
EndProject
Project("{D954291E-2A0B-460D-934E-DC6B0785DB48}") = "LottieReader", "source\LottieReader\LottieReader.shproj", "{4E7D8957-3F5F-46E1-99A8-2012B806C9B0}"
EndProject
Project("{D954291E-2A0B-460D-934E-DC6B0785DB48}") = "LottieToWinComp", "source\LottieToWinComp\LottieToWinComp.shproj", "{0340244A-683C-405E-838B-F93872779532}"
EndProject
Project("{D954291E-2A0B-460D-934E-DC6B0785DB48}") = "WinCompData", "source\WinCompData\WinCompData.shproj", "{D02870DE-7DED-4916-85D4-3175CEEDEF74}"
EndProject
Project("{2150E333-8FDC-42A3-9474-1A3956D46DE8}") = "source", "source", "{AB232F35-AAF7-4AE2-B1D2-45DD9BC2F7D7}"
	ProjectSection(SolutionItems) = preProject
		source\README.md = source\README.md
	EndProjectSection
EndProject
Project("{FAE04EC0-301F-11D3-BF4B-00C04F79EFBC}") = "LottieViewer", "LottieViewer\LottieViewer.csproj", "{5120EFD7-A556-46BF-8D56-F65F1EF9A305}"
	ProjectSection(ProjectDependencies) = postProject
		{6AB50ED0-6273-4919-9ADE-50195664EF15} = {6AB50ED0-6273-4919-9ADE-50195664EF15}
	EndProjectSection
EndProject
Project("{9A19103F-16F7-4668-BE54-9A1E7A4F7556}") = "Lottie-Windows-Uwp", "Lottie-Windows\Lottie-Windows-Uwp\Lottie-Windows-Uwp.csproj", "{E392BAD0-F936-4B64-A445-552597795CC7}"
EndProject
Project("{2150E333-8FDC-42A3-9474-1A3956D46DE8}") = "dlls", "dlls", "{C75BD686-21A6-4EB3-8D4B-D5A01C019C52}"
	ProjectSection(SolutionItems) = preProject
		dlls\README.md = dlls\README.md
	EndProjectSection
EndProject
Project("{9A19103F-16F7-4668-BE54-9A1E7A4F7556}") = "WinCompData.dll", "dlls\WinCompData\WinCompData.dll.csproj", "{68317393-F5A5-4B2C-918A-688DB2C10F54}"
EndProject
Project("{9A19103F-16F7-4668-BE54-9A1E7A4F7556}") = "LottieData.dll", "dlls\LottieData\LottieData.dll.csproj", "{6221591A-E8F4-4A5E-8F0C-2651C24AD495}"
EndProject
Project("{9A19103F-16F7-4668-BE54-9A1E7A4F7556}") = "LottieReader.dll", "dlls\LottieReader\LottieReader.dll.csproj", "{BB081E5A-CF3C-490F-8F8E-450A79F6CA33}"
EndProject
Project("{9A19103F-16F7-4668-BE54-9A1E7A4F7556}") = "LottieToWinComp.dll", "dlls\LottieToWinComp\LottieToWinComp.dll.csproj", "{BCEDF904-F986-42EC-A22D-E0662777B7F9}"
EndProject
Project("{2150E333-8FDC-42A3-9474-1A3956D46DE8}") = "Solution Items", "Solution Items", "{00D8BD2B-70A1-48EC-AC5E-CC40561F8972}"
	ProjectSection(SolutionItems) = preProject
		LICENSE.md = LICENSE.md
		README.md = README.md
	EndProjectSection
EndProject
Project("{D954291E-2A0B-460D-934E-DC6B0785DB48}") = "UIData", "source\UIData\UIData.shproj", "{74601E6C-2DFE-4842-B170-047941ABFF2C}"
EndProject
Project("{9A19103F-16F7-4668-BE54-9A1E7A4F7556}") = "UIData.dll", "dlls\UIData\UIData.dll.csproj", "{9A99E690-71D2-4E26-9000-0E0920394DFE}"
EndProject
Project("{D954291E-2A0B-460D-934E-DC6B0785DB48}") = "WinUIXamlMediaData", "source\WinUIXamlMediaData\WinUIXamlMediaData.shproj", "{30059CA7-0745-4EEC-8D11-B14850A70C98}"
EndProject
Project("{9A19103F-16F7-4668-BE54-9A1E7A4F7556}") = "WinUIXamlMediaData.dll", "dlls\WinUIXamlMediaData\WinUIXamlMediaData.dll.csproj", "{12059276-646C-47A4-8D24-C92CFD99EC04}"
EndProject
Project("{D954291E-2A0B-460D-934E-DC6B0785DB48}") = "YamlData", "source\YamlData\YamlData.shproj", "{39C6B7F3-5E75-4019-82AB-00FD8A0A06E2}"
EndProject
Project("{9A19103F-16F7-4668-BE54-9A1E7A4F7556}") = "YamlData.dll", "dlls\YamlData\YamlData.dll.csproj", "{CB587630-3CFD-4BB3-867C-3F5B1FFBC738}"
EndProject
Project("{D954291E-2A0B-460D-934E-DC6B0785DB48}") = "WinStorageStreamsData", "source\WinStorageStreamsData\WinStorageStreamsData.shproj", "{2202E218-DD9F-496A-AEF4-3F07F0EA5B9D}"
EndProject
Project("{9A19103F-16F7-4668-BE54-9A1E7A4F7556}") = "WinStorageStreamsData.dll", "dlls\WinStorageStreamsData\WinStorageStreamsData.dll.csproj", "{1BBCFEED-5929-4FF7-8885-B94EAF65567C}"
EndProject
Project("{2150E333-8FDC-42A3-9474-1A3956D46DE8}") = "Issues", "Issues", "{07D6DFEE-E76C-4EAC-B361-99D5EDA7BCE1}"
	ProjectSection(SolutionItems) = preProject
		source\Issues\GenerateIssuesClasses.cmd = source\Issues\GenerateIssuesClasses.cmd
		source\Issues\IssuesClassGenerator.t4 = source\Issues\IssuesClassGenerator.t4
		source\Issues\LP0001.md = source\Issues\LP0001.md
		source\Issues\LP0002.md = source\Issues\LP0002.md
		source\Issues\LP0005.md = source\Issues\LP0005.md
		source\Issues\LP0006.md = source\Issues\LP0006.md
		source\Issues\LP0007.md = source\Issues\LP0007.md
		source\Issues\LP0008.md = source\Issues\LP0008.md
		source\Issues\LP0009.md = source\Issues\LP0009.md
		source\Issues\LP0011.md = source\Issues\LP0011.md
		source\Issues\LP0012.md = source\Issues\LP0012.md
		source\Issues\LP0013.md = source\Issues\LP0013.md
		source\Issues\LP0014.md = source\Issues\LP0014.md
		source\Issues\LP0015.md = source\Issues\LP0015.md
		source\Issues\LP0016.md = source\Issues\LP0016.md
		source\Issues\LP0017.md = source\Issues\LP0017.md
		source\Issues\LT0001.md = source\Issues\LT0001.md
		source\Issues\LT0002.md = source\Issues\LT0002.md
		source\Issues\LT0003.md = source\Issues\LT0003.md
		source\Issues\LT0004.md = source\Issues\LT0004.md
		source\Issues\LT0005.md = source\Issues\LT0005.md
		source\Issues\LT0006.md = source\Issues\LT0006.md
		source\Issues\LT0007.md = source\Issues\LT0007.md
		source\Issues\LT0009.md = source\Issues\LT0009.md
		source\Issues\LT0010.md = source\Issues\LT0010.md
		source\Issues\LT0011.md = source\Issues\LT0011.md
		source\Issues\LT0012.md = source\Issues\LT0012.md
		source\Issues\LT0013.md = source\Issues\LT0013.md
		source\Issues\LT0014.md = source\Issues\LT0014.md
		source\Issues\LT0015.md = source\Issues\LT0015.md
		source\Issues\LT0016.md = source\Issues\LT0016.md
		source\Issues\LT0017.md = source\Issues\LT0017.md
		source\Issues\LT0018.md = source\Issues\LT0018.md
		source\Issues\LT0019.md = source\Issues\LT0019.md
		source\Issues\LT0020.md = source\Issues\LT0020.md
		source\Issues\LT0021.md = source\Issues\LT0021.md
		source\Issues\LT0022.md = source\Issues\LT0022.md
		source\Issues\LT0023.md = source\Issues\LT0023.md
		source\Issues\LT0024.md = source\Issues\LT0024.md
		source\Issues\LT0025.md = source\Issues\LT0025.md
		source\Issues\LT0026.md = source\Issues\LT0026.md
		source\Issues\LT0027.md = source\Issues\LT0027.md
		source\Issues\LT0028.md = source\Issues\LT0028.md
		source\Issues\LT0029.md = source\Issues\LT0029.md
		source\Issues\LT0030.md = source\Issues\LT0030.md
		source\Issues\LT0031.md = source\Issues\LT0031.md
		source\Issues\LT0032.md = source\Issues\LT0032.md
		source\Issues\LT0033.md = source\Issues\LT0033.md
		source\Issues\LT0034.md = source\Issues\LT0034.md
		source\Issues\LT0035.md = source\Issues\LT0035.md
		source\Issues\LT0036.md = source\Issues\LT0036.md
		source\Issues\LT0037.md = source\Issues\LT0037.md
		source\Issues\LT0038.md = source\Issues\LT0038.md
		source\Issues\LT0039.md = source\Issues\LT0039.md
		source\Issues\LT0040.md = source\Issues\LT0040.md
		source\Issues\LT0041.md = source\Issues\LT0041.md
		source\Issues\LT0042.md = source\Issues\LT0042.md
		source\Issues\LT0043.md = source\Issues\LT0043.md
		source\Issues\LT0044.md = source\Issues\LT0044.md
		source\Issues\LT0045.md = source\Issues\LT0045.md
		source\Issues\LV0001.md = source\Issues\LV0001.md
		source\Issues\LV0002.md = source\Issues\LV0002.md
		source\Issues\LV0003.md = source\Issues\LV0003.md
		source\Issues\LV0004.md = source\Issues\LV0004.md
		source\Issues\ParsingIssues.tt = source\Issues\ParsingIssues.tt
		source\Issues\TranslationIssues.tt = source\Issues\TranslationIssues.tt
		source\Issues\ValidationIssues.tt = source\Issues\ValidationIssues.tt
	EndProjectSection
EndProject
Project("{D954291E-2A0B-460D-934E-DC6B0785DB48}") = "GenericData", "source\GenericData\GenericData.shproj", "{77BCD724-8555-463B-985F-F8E8110164C4}"
EndProject
Project("{9A19103F-16F7-4668-BE54-9A1E7A4F7556}") = "GenericData.dll", "dlls\GenericData\GenericData.dll.csproj", "{A687177E-31FF-4F05-89C6-03657C96A166}"
EndProject
Project("{D954291E-2A0B-460D-934E-DC6B0785DB48}") = "UIDataCodeGen", "source\UIDataCodeGen\UIDataCodeGen.shproj", "{D02BE6C8-14DB-4B4F-8600-F3C9B69C104D}"
EndProject
Project("{9A19103F-16F7-4668-BE54-9A1E7A4F7556}") = "UIDataCodeGen.dll", "dlls\UIDataCodeGen\UIDataCodeGen.dll.csproj", "{9B6C0B7F-0D0F-4086-9746-0D34D7667DB5}"
EndProject
Project("{D954291E-2A0B-460D-934E-DC6B0785DB48}") = "LottieMetadata", "source\LottieMetadata\LottieMetadata.shproj", "{04B43A1A-DDFB-4A61-BF36-39F5E666C702}"
EndProject
Project("{9A19103F-16F7-4668-BE54-9A1E7A4F7556}") = "LottieMetadata.dll", "dlls\LottieMetadata\LottieMetadata.dll.csproj", "{25CEB8B8-90E0-4D23-9978-0CD83889D4AC}"
EndProject
Project("{D954291E-2A0B-460D-934E-DC6B0785DB48}") = "CompMetadata", "source\CompMetadata\CompMetadata.shproj", "{B0197C19-BDF5-473E-A022-E21F6122EEE5}"
EndProject
Project("{9A19103F-16F7-4668-BE54-9A1E7A4F7556}") = "CompMetadata.dll", "dlls\CompMetadata\CompMetadata.dll.csproj", "{A262757C-9F1A-4F6E-9188-849F4B709D67}"
EndProject
Project("{D954291E-2A0B-460D-934E-DC6B0785DB48}") = "NullablesAttributes", "source\NullablesAttributes\NullablesAttributes.shproj", "{E32587A8-94E8-4B68-91AD-F3612A48A62B}"
EndProject
Project("{D954291E-2A0B-460D-934E-DC6B0785DB48}") = "DotLottie", "source\DotLottie\DotLottie.shproj", "{7012420D-624C-4BD4-A1D2-1C6C1655ED3A}"
EndProject
Project("{9A19103F-16F7-4668-BE54-9A1E7A4F7556}") = "DotLottie.dll", "dlls\DotLottie\DotLottie.dll.csproj", "{AB2ACC11-DE31-4E47-8A5B-895D6934684F}"
EndProject
Project("{9A19103F-16F7-4668-BE54-9A1E7A4F7556}") = "Animatables.dll", "dlls\Animatables\Animatables.dll.csproj", "{88C07427-E8AF-4F9D-A4FE-07EB2D975723}"
EndProject
Project("{D954291E-2A0B-460D-934E-DC6B0785DB48}") = "Animatables", "source\Animatables\Animatables.shproj", "{FC89273A-B2DA-4625-8A73-EF02A658D65E}"
EndProject
Project("{9A19103F-16F7-4668-BE54-9A1E7A4F7556}") = "LottieGen", "LottieGen\DotnetTool\LottieGen.csproj", "{6984AF37-D580-4087-806B-480A04F2DF77}"
EndProject
Project("{9A19103F-16F7-4668-BE54-9A1E7A4F7556}") = "LottieGen.win-x64", "LottieGen\win-x64\LottieGen.win-x64.csproj", "{E91E3CDE-3088-4B12-8472-D2C1C05B7229}"
EndProject
Project("{D954291E-2A0B-460D-934E-DC6B0785DB48}") = "LottieGen", "source\LottieGen\LottieGen.shproj", "{7654A857-9A99-4185-9F8E-DD0CE662AF23}"
EndProject
Project("{D954291E-2A0B-460D-934E-DC6B0785DB48}") = "LottieGenExe", "source\LottieGenExe\LottieGenExe.shproj", "{DC7F7A39-B7A7-40B4-937A-601460CAE38C}"
EndProject
Project("{9A19103F-16F7-4668-BE54-9A1E7A4F7556}") = "LottieGen.MsBuild", "LottieGen\MSBuildTask\LottieGen.MsBuild.csproj", "{192FBD28-8531-4607-A17C-44A1A51A1565}"
EndProject
Project("{9A19103F-16F7-4668-BE54-9A1E7A4F7556}") = "Lottie-Windows-WinUI3", "Lottie-Windows\Lottie-Windows-WinUI3\Lottie-Windows-WinUI3.csproj", "{C505CD2D-5D26-42EE-8FAA-41BB784821EF}"
EndProject
Project("{FAE04EC0-301F-11D3-BF4B-00C04F79EFBC}") = "LottieSamples", "LottieSamples\LottieSamples.csproj", "{6AB50ED0-6273-4919-9ADE-50195664EF15}"
EndProject
Global
	GlobalSection(SolutionConfigurationPlatforms) = preSolution
		BETA|Any CPU = BETA|Any CPU
		BETA|ARM = BETA|ARM
		BETA|ARM64 = BETA|ARM64
		BETA|x64 = BETA|x64
		BETA|x86 = BETA|x86
		Debug|Any CPU = Debug|Any CPU
		Debug|ARM = Debug|ARM
		Debug|ARM64 = Debug|ARM64
		Debug|x64 = Debug|x64
		Debug|x86 = Debug|x86
		Release|Any CPU = Release|Any CPU
		Release|ARM = Release|ARM
		Release|ARM64 = Release|ARM64
		Release|x64 = Release|x64
		Release|x86 = Release|x86
	EndGlobalSection
	GlobalSection(ProjectConfigurationPlatforms) = postSolution
		{5120EFD7-A556-46BF-8D56-F65F1EF9A305}.BETA|Any CPU.ActiveCfg = BETA|x86
		{5120EFD7-A556-46BF-8D56-F65F1EF9A305}.BETA|ARM.ActiveCfg = BETA|ARM
		{5120EFD7-A556-46BF-8D56-F65F1EF9A305}.BETA|ARM.Build.0 = BETA|ARM
		{5120EFD7-A556-46BF-8D56-F65F1EF9A305}.BETA|ARM.Deploy.0 = BETA|ARM
		{5120EFD7-A556-46BF-8D56-F65F1EF9A305}.BETA|ARM64.ActiveCfg = BETA|ARM64
		{5120EFD7-A556-46BF-8D56-F65F1EF9A305}.BETA|ARM64.Build.0 = BETA|ARM64
		{5120EFD7-A556-46BF-8D56-F65F1EF9A305}.BETA|ARM64.Deploy.0 = BETA|ARM64
		{5120EFD7-A556-46BF-8D56-F65F1EF9A305}.BETA|x64.ActiveCfg = BETA|x64
		{5120EFD7-A556-46BF-8D56-F65F1EF9A305}.BETA|x64.Build.0 = BETA|x64
		{5120EFD7-A556-46BF-8D56-F65F1EF9A305}.BETA|x64.Deploy.0 = BETA|x64
		{5120EFD7-A556-46BF-8D56-F65F1EF9A305}.BETA|x86.ActiveCfg = BETA|x86
		{5120EFD7-A556-46BF-8D56-F65F1EF9A305}.BETA|x86.Build.0 = BETA|x86
		{5120EFD7-A556-46BF-8D56-F65F1EF9A305}.BETA|x86.Deploy.0 = BETA|x86
		{5120EFD7-A556-46BF-8D56-F65F1EF9A305}.Debug|Any CPU.ActiveCfg = Debug|x86
		{5120EFD7-A556-46BF-8D56-F65F1EF9A305}.Debug|ARM.ActiveCfg = Debug|ARM
		{5120EFD7-A556-46BF-8D56-F65F1EF9A305}.Debug|ARM.Build.0 = Debug|ARM
		{5120EFD7-A556-46BF-8D56-F65F1EF9A305}.Debug|ARM.Deploy.0 = Debug|ARM
		{5120EFD7-A556-46BF-8D56-F65F1EF9A305}.Debug|ARM64.ActiveCfg = Debug|ARM64
		{5120EFD7-A556-46BF-8D56-F65F1EF9A305}.Debug|ARM64.Build.0 = Debug|ARM64
		{5120EFD7-A556-46BF-8D56-F65F1EF9A305}.Debug|ARM64.Deploy.0 = Debug|ARM64
		{5120EFD7-A556-46BF-8D56-F65F1EF9A305}.Debug|x64.ActiveCfg = Debug|x64
		{5120EFD7-A556-46BF-8D56-F65F1EF9A305}.Debug|x64.Build.0 = Debug|x64
		{5120EFD7-A556-46BF-8D56-F65F1EF9A305}.Debug|x64.Deploy.0 = Debug|x64
		{5120EFD7-A556-46BF-8D56-F65F1EF9A305}.Debug|x86.ActiveCfg = Debug|x86
		{5120EFD7-A556-46BF-8D56-F65F1EF9A305}.Debug|x86.Build.0 = Debug|x86
		{5120EFD7-A556-46BF-8D56-F65F1EF9A305}.Debug|x86.Deploy.0 = Debug|x86
		{5120EFD7-A556-46BF-8D56-F65F1EF9A305}.Release|Any CPU.ActiveCfg = Release|x86
		{5120EFD7-A556-46BF-8D56-F65F1EF9A305}.Release|ARM.ActiveCfg = Release|ARM
		{5120EFD7-A556-46BF-8D56-F65F1EF9A305}.Release|ARM.Build.0 = Release|ARM
		{5120EFD7-A556-46BF-8D56-F65F1EF9A305}.Release|ARM.Deploy.0 = Release|ARM
		{5120EFD7-A556-46BF-8D56-F65F1EF9A305}.Release|ARM64.ActiveCfg = Release|ARM64
		{5120EFD7-A556-46BF-8D56-F65F1EF9A305}.Release|ARM64.Build.0 = Release|ARM64
		{5120EFD7-A556-46BF-8D56-F65F1EF9A305}.Release|ARM64.Deploy.0 = Release|ARM64
		{5120EFD7-A556-46BF-8D56-F65F1EF9A305}.Release|x64.ActiveCfg = Release|x64
		{5120EFD7-A556-46BF-8D56-F65F1EF9A305}.Release|x64.Build.0 = Release|x64
		{5120EFD7-A556-46BF-8D56-F65F1EF9A305}.Release|x64.Deploy.0 = Release|x64
		{5120EFD7-A556-46BF-8D56-F65F1EF9A305}.Release|x86.ActiveCfg = Release|x86
		{5120EFD7-A556-46BF-8D56-F65F1EF9A305}.Release|x86.Build.0 = Release|x86
		{5120EFD7-A556-46BF-8D56-F65F1EF9A305}.Release|x86.Deploy.0 = Release|x86
		{E392BAD0-F936-4B64-A445-552597795CC7}.BETA|Any CPU.ActiveCfg = Release|Any CPU
		{E392BAD0-F936-4B64-A445-552597795CC7}.BETA|ARM.ActiveCfg = Release|Any CPU
		{E392BAD0-F936-4B64-A445-552597795CC7}.BETA|ARM64.ActiveCfg = Release|Any CPU
		{E392BAD0-F936-4B64-A445-552597795CC7}.BETA|x64.ActiveCfg = Release|Any CPU
		{E392BAD0-F936-4B64-A445-552597795CC7}.BETA|x86.ActiveCfg = Release|Any CPU
		{E392BAD0-F936-4B64-A445-552597795CC7}.Debug|Any CPU.ActiveCfg = Debug|Any CPU
		{E392BAD0-F936-4B64-A445-552597795CC7}.Debug|Any CPU.Build.0 = Debug|Any CPU
		{E392BAD0-F936-4B64-A445-552597795CC7}.Debug|ARM.ActiveCfg = Debug|Any CPU
		{E392BAD0-F936-4B64-A445-552597795CC7}.Debug|ARM64.ActiveCfg = Debug|Any CPU
		{E392BAD0-F936-4B64-A445-552597795CC7}.Debug|x64.ActiveCfg = Debug|Any CPU
		{E392BAD0-F936-4B64-A445-552597795CC7}.Debug|x86.ActiveCfg = Debug|Any CPU
		{E392BAD0-F936-4B64-A445-552597795CC7}.Release|Any CPU.ActiveCfg = Release|Any CPU
		{E392BAD0-F936-4B64-A445-552597795CC7}.Release|Any CPU.Build.0 = Release|Any CPU
		{E392BAD0-F936-4B64-A445-552597795CC7}.Release|ARM.ActiveCfg = Release|Any CPU
		{E392BAD0-F936-4B64-A445-552597795CC7}.Release|ARM64.ActiveCfg = Release|Any CPU
		{E392BAD0-F936-4B64-A445-552597795CC7}.Release|x64.ActiveCfg = Release|Any CPU
		{E392BAD0-F936-4B64-A445-552597795CC7}.Release|x86.ActiveCfg = Release|Any CPU
		{68317393-F5A5-4B2C-918A-688DB2C10F54}.BETA|Any CPU.ActiveCfg = Release|Any CPU
		{68317393-F5A5-4B2C-918A-688DB2C10F54}.BETA|ARM.ActiveCfg = Release|Any CPU
		{68317393-F5A5-4B2C-918A-688DB2C10F54}.BETA|ARM64.ActiveCfg = Release|Any CPU
		{68317393-F5A5-4B2C-918A-688DB2C10F54}.BETA|x64.ActiveCfg = Release|Any CPU
		{68317393-F5A5-4B2C-918A-688DB2C10F54}.BETA|x86.ActiveCfg = Release|Any CPU
		{68317393-F5A5-4B2C-918A-688DB2C10F54}.Debug|Any CPU.ActiveCfg = Debug|Any CPU
		{68317393-F5A5-4B2C-918A-688DB2C10F54}.Debug|Any CPU.Build.0 = Debug|Any CPU
		{68317393-F5A5-4B2C-918A-688DB2C10F54}.Debug|ARM.ActiveCfg = Debug|Any CPU
		{68317393-F5A5-4B2C-918A-688DB2C10F54}.Debug|ARM64.ActiveCfg = Debug|Any CPU
		{68317393-F5A5-4B2C-918A-688DB2C10F54}.Debug|x64.ActiveCfg = Debug|Any CPU
		{68317393-F5A5-4B2C-918A-688DB2C10F54}.Debug|x86.ActiveCfg = Debug|Any CPU
		{68317393-F5A5-4B2C-918A-688DB2C10F54}.Release|Any CPU.ActiveCfg = Release|Any CPU
		{68317393-F5A5-4B2C-918A-688DB2C10F54}.Release|Any CPU.Build.0 = Release|Any CPU
		{68317393-F5A5-4B2C-918A-688DB2C10F54}.Release|ARM.ActiveCfg = Release|Any CPU
		{68317393-F5A5-4B2C-918A-688DB2C10F54}.Release|ARM64.ActiveCfg = Release|Any CPU
		{68317393-F5A5-4B2C-918A-688DB2C10F54}.Release|x64.ActiveCfg = Release|Any CPU
		{68317393-F5A5-4B2C-918A-688DB2C10F54}.Release|x86.ActiveCfg = Release|Any CPU
		{6221591A-E8F4-4A5E-8F0C-2651C24AD495}.BETA|Any CPU.ActiveCfg = Release|Any CPU
		{6221591A-E8F4-4A5E-8F0C-2651C24AD495}.BETA|ARM.ActiveCfg = Release|Any CPU
		{6221591A-E8F4-4A5E-8F0C-2651C24AD495}.BETA|ARM64.ActiveCfg = Release|Any CPU
		{6221591A-E8F4-4A5E-8F0C-2651C24AD495}.BETA|x64.ActiveCfg = Release|Any CPU
		{6221591A-E8F4-4A5E-8F0C-2651C24AD495}.BETA|x86.ActiveCfg = Release|Any CPU
		{6221591A-E8F4-4A5E-8F0C-2651C24AD495}.Debug|Any CPU.ActiveCfg = Debug|Any CPU
		{6221591A-E8F4-4A5E-8F0C-2651C24AD495}.Debug|Any CPU.Build.0 = Debug|Any CPU
		{6221591A-E8F4-4A5E-8F0C-2651C24AD495}.Debug|ARM.ActiveCfg = Debug|Any CPU
		{6221591A-E8F4-4A5E-8F0C-2651C24AD495}.Debug|ARM64.ActiveCfg = Debug|Any CPU
		{6221591A-E8F4-4A5E-8F0C-2651C24AD495}.Debug|x64.ActiveCfg = Debug|Any CPU
		{6221591A-E8F4-4A5E-8F0C-2651C24AD495}.Debug|x86.ActiveCfg = Debug|Any CPU
		{6221591A-E8F4-4A5E-8F0C-2651C24AD495}.Release|Any CPU.ActiveCfg = Release|Any CPU
		{6221591A-E8F4-4A5E-8F0C-2651C24AD495}.Release|Any CPU.Build.0 = Release|Any CPU
		{6221591A-E8F4-4A5E-8F0C-2651C24AD495}.Release|ARM.ActiveCfg = Release|Any CPU
		{6221591A-E8F4-4A5E-8F0C-2651C24AD495}.Release|ARM64.ActiveCfg = Release|Any CPU
		{6221591A-E8F4-4A5E-8F0C-2651C24AD495}.Release|x64.ActiveCfg = Release|Any CPU
		{6221591A-E8F4-4A5E-8F0C-2651C24AD495}.Release|x86.ActiveCfg = Release|Any CPU
		{BB081E5A-CF3C-490F-8F8E-450A79F6CA33}.BETA|Any CPU.ActiveCfg = Release|Any CPU
		{BB081E5A-CF3C-490F-8F8E-450A79F6CA33}.BETA|ARM.ActiveCfg = Release|Any CPU
		{BB081E5A-CF3C-490F-8F8E-450A79F6CA33}.BETA|ARM64.ActiveCfg = Release|Any CPU
		{BB081E5A-CF3C-490F-8F8E-450A79F6CA33}.BETA|x64.ActiveCfg = Release|Any CPU
		{BB081E5A-CF3C-490F-8F8E-450A79F6CA33}.BETA|x86.ActiveCfg = Release|Any CPU
		{BB081E5A-CF3C-490F-8F8E-450A79F6CA33}.Debug|Any CPU.ActiveCfg = Debug|Any CPU
		{BB081E5A-CF3C-490F-8F8E-450A79F6CA33}.Debug|Any CPU.Build.0 = Debug|Any CPU
		{BB081E5A-CF3C-490F-8F8E-450A79F6CA33}.Debug|ARM.ActiveCfg = Debug|Any CPU
		{BB081E5A-CF3C-490F-8F8E-450A79F6CA33}.Debug|ARM64.ActiveCfg = Debug|Any CPU
		{BB081E5A-CF3C-490F-8F8E-450A79F6CA33}.Debug|x64.ActiveCfg = Debug|Any CPU
		{BB081E5A-CF3C-490F-8F8E-450A79F6CA33}.Debug|x86.ActiveCfg = Debug|Any CPU
		{BB081E5A-CF3C-490F-8F8E-450A79F6CA33}.Release|Any CPU.ActiveCfg = Release|Any CPU
		{BB081E5A-CF3C-490F-8F8E-450A79F6CA33}.Release|Any CPU.Build.0 = Release|Any CPU
		{BB081E5A-CF3C-490F-8F8E-450A79F6CA33}.Release|ARM.ActiveCfg = Release|Any CPU
		{BB081E5A-CF3C-490F-8F8E-450A79F6CA33}.Release|ARM64.ActiveCfg = Release|Any CPU
		{BB081E5A-CF3C-490F-8F8E-450A79F6CA33}.Release|x64.ActiveCfg = Release|Any CPU
		{BB081E5A-CF3C-490F-8F8E-450A79F6CA33}.Release|x86.ActiveCfg = Release|Any CPU
		{BCEDF904-F986-42EC-A22D-E0662777B7F9}.BETA|Any CPU.ActiveCfg = Release|Any CPU
		{BCEDF904-F986-42EC-A22D-E0662777B7F9}.BETA|ARM.ActiveCfg = Release|Any CPU
		{BCEDF904-F986-42EC-A22D-E0662777B7F9}.BETA|ARM64.ActiveCfg = Release|Any CPU
		{BCEDF904-F986-42EC-A22D-E0662777B7F9}.BETA|x64.ActiveCfg = Release|Any CPU
		{BCEDF904-F986-42EC-A22D-E0662777B7F9}.BETA|x86.ActiveCfg = Release|Any CPU
		{BCEDF904-F986-42EC-A22D-E0662777B7F9}.Debug|Any CPU.ActiveCfg = Debug|Any CPU
		{BCEDF904-F986-42EC-A22D-E0662777B7F9}.Debug|Any CPU.Build.0 = Debug|Any CPU
		{BCEDF904-F986-42EC-A22D-E0662777B7F9}.Debug|ARM.ActiveCfg = Debug|Any CPU
		{BCEDF904-F986-42EC-A22D-E0662777B7F9}.Debug|ARM64.ActiveCfg = Debug|Any CPU
		{BCEDF904-F986-42EC-A22D-E0662777B7F9}.Debug|x64.ActiveCfg = Debug|Any CPU
		{BCEDF904-F986-42EC-A22D-E0662777B7F9}.Debug|x86.ActiveCfg = Debug|Any CPU
		{BCEDF904-F986-42EC-A22D-E0662777B7F9}.Release|Any CPU.ActiveCfg = Release|Any CPU
		{BCEDF904-F986-42EC-A22D-E0662777B7F9}.Release|Any CPU.Build.0 = Release|Any CPU
		{BCEDF904-F986-42EC-A22D-E0662777B7F9}.Release|ARM.ActiveCfg = Release|Any CPU
		{BCEDF904-F986-42EC-A22D-E0662777B7F9}.Release|ARM64.ActiveCfg = Release|Any CPU
		{BCEDF904-F986-42EC-A22D-E0662777B7F9}.Release|x64.ActiveCfg = Release|Any CPU
		{BCEDF904-F986-42EC-A22D-E0662777B7F9}.Release|x86.ActiveCfg = Release|Any CPU
		{9A99E690-71D2-4E26-9000-0E0920394DFE}.BETA|Any CPU.ActiveCfg = Release|Any CPU
		{9A99E690-71D2-4E26-9000-0E0920394DFE}.BETA|ARM.ActiveCfg = Release|Any CPU
		{9A99E690-71D2-4E26-9000-0E0920394DFE}.BETA|ARM64.ActiveCfg = Release|Any CPU
		{9A99E690-71D2-4E26-9000-0E0920394DFE}.BETA|x64.ActiveCfg = Release|Any CPU
		{9A99E690-71D2-4E26-9000-0E0920394DFE}.BETA|x86.ActiveCfg = Release|Any CPU
		{9A99E690-71D2-4E26-9000-0E0920394DFE}.Debug|Any CPU.ActiveCfg = Debug|Any CPU
		{9A99E690-71D2-4E26-9000-0E0920394DFE}.Debug|Any CPU.Build.0 = Debug|Any CPU
		{9A99E690-71D2-4E26-9000-0E0920394DFE}.Debug|ARM.ActiveCfg = Debug|Any CPU
		{9A99E690-71D2-4E26-9000-0E0920394DFE}.Debug|ARM64.ActiveCfg = Debug|Any CPU
		{9A99E690-71D2-4E26-9000-0E0920394DFE}.Debug|x64.ActiveCfg = Debug|Any CPU
		{9A99E690-71D2-4E26-9000-0E0920394DFE}.Debug|x86.ActiveCfg = Debug|Any CPU
		{9A99E690-71D2-4E26-9000-0E0920394DFE}.Release|Any CPU.ActiveCfg = Release|Any CPU
		{9A99E690-71D2-4E26-9000-0E0920394DFE}.Release|Any CPU.Build.0 = Release|Any CPU
		{9A99E690-71D2-4E26-9000-0E0920394DFE}.Release|ARM.ActiveCfg = Release|Any CPU
		{9A99E690-71D2-4E26-9000-0E0920394DFE}.Release|ARM64.ActiveCfg = Release|Any CPU
		{9A99E690-71D2-4E26-9000-0E0920394DFE}.Release|x64.ActiveCfg = Release|Any CPU
		{9A99E690-71D2-4E26-9000-0E0920394DFE}.Release|x86.ActiveCfg = Release|Any CPU
		{12059276-646C-47A4-8D24-C92CFD99EC04}.BETA|Any CPU.ActiveCfg = Release|Any CPU
		{12059276-646C-47A4-8D24-C92CFD99EC04}.BETA|ARM.ActiveCfg = Release|Any CPU
		{12059276-646C-47A4-8D24-C92CFD99EC04}.BETA|ARM64.ActiveCfg = Release|Any CPU
		{12059276-646C-47A4-8D24-C92CFD99EC04}.BETA|x64.ActiveCfg = Release|Any CPU
		{12059276-646C-47A4-8D24-C92CFD99EC04}.BETA|x86.ActiveCfg = Release|Any CPU
		{12059276-646C-47A4-8D24-C92CFD99EC04}.Debug|Any CPU.ActiveCfg = Debug|Any CPU
		{12059276-646C-47A4-8D24-C92CFD99EC04}.Debug|Any CPU.Build.0 = Debug|Any CPU
		{12059276-646C-47A4-8D24-C92CFD99EC04}.Debug|ARM.ActiveCfg = Debug|Any CPU
		{12059276-646C-47A4-8D24-C92CFD99EC04}.Debug|ARM64.ActiveCfg = Debug|Any CPU
		{12059276-646C-47A4-8D24-C92CFD99EC04}.Debug|x64.ActiveCfg = Debug|Any CPU
		{12059276-646C-47A4-8D24-C92CFD99EC04}.Debug|x86.ActiveCfg = Debug|Any CPU
		{12059276-646C-47A4-8D24-C92CFD99EC04}.Release|Any CPU.ActiveCfg = Release|Any CPU
		{12059276-646C-47A4-8D24-C92CFD99EC04}.Release|Any CPU.Build.0 = Release|Any CPU
		{12059276-646C-47A4-8D24-C92CFD99EC04}.Release|ARM.ActiveCfg = Release|Any CPU
		{12059276-646C-47A4-8D24-C92CFD99EC04}.Release|ARM64.ActiveCfg = Release|Any CPU
		{12059276-646C-47A4-8D24-C92CFD99EC04}.Release|x64.ActiveCfg = Release|Any CPU
		{12059276-646C-47A4-8D24-C92CFD99EC04}.Release|x86.ActiveCfg = Release|Any CPU
		{CB587630-3CFD-4BB3-867C-3F5B1FFBC738}.BETA|Any CPU.ActiveCfg = Release|Any CPU
		{CB587630-3CFD-4BB3-867C-3F5B1FFBC738}.BETA|ARM.ActiveCfg = Release|Any CPU
		{CB587630-3CFD-4BB3-867C-3F5B1FFBC738}.BETA|ARM64.ActiveCfg = Release|Any CPU
		{CB587630-3CFD-4BB3-867C-3F5B1FFBC738}.BETA|x64.ActiveCfg = Release|Any CPU
		{CB587630-3CFD-4BB3-867C-3F5B1FFBC738}.BETA|x86.ActiveCfg = Release|Any CPU
		{CB587630-3CFD-4BB3-867C-3F5B1FFBC738}.Debug|Any CPU.ActiveCfg = Debug|Any CPU
		{CB587630-3CFD-4BB3-867C-3F5B1FFBC738}.Debug|Any CPU.Build.0 = Debug|Any CPU
		{CB587630-3CFD-4BB3-867C-3F5B1FFBC738}.Debug|ARM.ActiveCfg = Debug|Any CPU
		{CB587630-3CFD-4BB3-867C-3F5B1FFBC738}.Debug|ARM64.ActiveCfg = Debug|Any CPU
		{CB587630-3CFD-4BB3-867C-3F5B1FFBC738}.Debug|x64.ActiveCfg = Debug|Any CPU
		{CB587630-3CFD-4BB3-867C-3F5B1FFBC738}.Debug|x86.ActiveCfg = Debug|Any CPU
		{CB587630-3CFD-4BB3-867C-3F5B1FFBC738}.Release|Any CPU.ActiveCfg = Release|Any CPU
		{CB587630-3CFD-4BB3-867C-3F5B1FFBC738}.Release|Any CPU.Build.0 = Release|Any CPU
		{CB587630-3CFD-4BB3-867C-3F5B1FFBC738}.Release|ARM.ActiveCfg = Release|Any CPU
		{CB587630-3CFD-4BB3-867C-3F5B1FFBC738}.Release|ARM64.ActiveCfg = Release|Any CPU
		{CB587630-3CFD-4BB3-867C-3F5B1FFBC738}.Release|x64.ActiveCfg = Release|Any CPU
		{CB587630-3CFD-4BB3-867C-3F5B1FFBC738}.Release|x86.ActiveCfg = Release|Any CPU
		{1BBCFEED-5929-4FF7-8885-B94EAF65567C}.BETA|Any CPU.ActiveCfg = Release|Any CPU
		{1BBCFEED-5929-4FF7-8885-B94EAF65567C}.BETA|ARM.ActiveCfg = Release|Any CPU
		{1BBCFEED-5929-4FF7-8885-B94EAF65567C}.BETA|ARM64.ActiveCfg = Release|Any CPU
		{1BBCFEED-5929-4FF7-8885-B94EAF65567C}.BETA|x64.ActiveCfg = Release|Any CPU
		{1BBCFEED-5929-4FF7-8885-B94EAF65567C}.BETA|x86.ActiveCfg = Release|Any CPU
		{1BBCFEED-5929-4FF7-8885-B94EAF65567C}.Debug|Any CPU.ActiveCfg = Debug|Any CPU
		{1BBCFEED-5929-4FF7-8885-B94EAF65567C}.Debug|Any CPU.Build.0 = Debug|Any CPU
		{1BBCFEED-5929-4FF7-8885-B94EAF65567C}.Debug|ARM.ActiveCfg = Debug|Any CPU
		{1BBCFEED-5929-4FF7-8885-B94EAF65567C}.Debug|ARM64.ActiveCfg = Debug|Any CPU
		{1BBCFEED-5929-4FF7-8885-B94EAF65567C}.Debug|x64.ActiveCfg = Debug|Any CPU
		{1BBCFEED-5929-4FF7-8885-B94EAF65567C}.Debug|x86.ActiveCfg = Debug|Any CPU
		{1BBCFEED-5929-4FF7-8885-B94EAF65567C}.Release|Any CPU.ActiveCfg = Release|Any CPU
		{1BBCFEED-5929-4FF7-8885-B94EAF65567C}.Release|Any CPU.Build.0 = Release|Any CPU
		{1BBCFEED-5929-4FF7-8885-B94EAF65567C}.Release|ARM.ActiveCfg = Release|Any CPU
		{1BBCFEED-5929-4FF7-8885-B94EAF65567C}.Release|ARM64.ActiveCfg = Release|Any CPU
		{1BBCFEED-5929-4FF7-8885-B94EAF65567C}.Release|x64.ActiveCfg = Release|Any CPU
		{1BBCFEED-5929-4FF7-8885-B94EAF65567C}.Release|x86.ActiveCfg = Release|Any CPU
		{A687177E-31FF-4F05-89C6-03657C96A166}.BETA|Any CPU.ActiveCfg = Release|Any CPU
		{A687177E-31FF-4F05-89C6-03657C96A166}.BETA|ARM.ActiveCfg = Release|Any CPU
		{A687177E-31FF-4F05-89C6-03657C96A166}.BETA|ARM64.ActiveCfg = Release|Any CPU
		{A687177E-31FF-4F05-89C6-03657C96A166}.BETA|x64.ActiveCfg = Release|Any CPU
		{A687177E-31FF-4F05-89C6-03657C96A166}.BETA|x86.ActiveCfg = Release|Any CPU
		{A687177E-31FF-4F05-89C6-03657C96A166}.Debug|Any CPU.ActiveCfg = Debug|Any CPU
		{A687177E-31FF-4F05-89C6-03657C96A166}.Debug|Any CPU.Build.0 = Debug|Any CPU
		{A687177E-31FF-4F05-89C6-03657C96A166}.Debug|ARM.ActiveCfg = Debug|Any CPU
		{A687177E-31FF-4F05-89C6-03657C96A166}.Debug|ARM64.ActiveCfg = Debug|Any CPU
		{A687177E-31FF-4F05-89C6-03657C96A166}.Debug|x64.ActiveCfg = Debug|Any CPU
		{A687177E-31FF-4F05-89C6-03657C96A166}.Debug|x86.ActiveCfg = Debug|Any CPU
		{A687177E-31FF-4F05-89C6-03657C96A166}.Release|Any CPU.ActiveCfg = Release|Any CPU
		{A687177E-31FF-4F05-89C6-03657C96A166}.Release|Any CPU.Build.0 = Release|Any CPU
		{A687177E-31FF-4F05-89C6-03657C96A166}.Release|ARM.ActiveCfg = Release|Any CPU
		{A687177E-31FF-4F05-89C6-03657C96A166}.Release|ARM64.ActiveCfg = Release|Any CPU
		{A687177E-31FF-4F05-89C6-03657C96A166}.Release|x64.ActiveCfg = Release|Any CPU
		{A687177E-31FF-4F05-89C6-03657C96A166}.Release|x86.ActiveCfg = Release|Any CPU
		{9B6C0B7F-0D0F-4086-9746-0D34D7667DB5}.BETA|Any CPU.ActiveCfg = Release|Any CPU
		{9B6C0B7F-0D0F-4086-9746-0D34D7667DB5}.BETA|ARM.ActiveCfg = Release|Any CPU
		{9B6C0B7F-0D0F-4086-9746-0D34D7667DB5}.BETA|ARM64.ActiveCfg = Release|Any CPU
		{9B6C0B7F-0D0F-4086-9746-0D34D7667DB5}.BETA|x64.ActiveCfg = Release|Any CPU
		{9B6C0B7F-0D0F-4086-9746-0D34D7667DB5}.BETA|x86.ActiveCfg = Release|Any CPU
		{9B6C0B7F-0D0F-4086-9746-0D34D7667DB5}.Debug|Any CPU.ActiveCfg = Debug|Any CPU
		{9B6C0B7F-0D0F-4086-9746-0D34D7667DB5}.Debug|Any CPU.Build.0 = Debug|Any CPU
		{9B6C0B7F-0D0F-4086-9746-0D34D7667DB5}.Debug|ARM.ActiveCfg = Debug|Any CPU
		{9B6C0B7F-0D0F-4086-9746-0D34D7667DB5}.Debug|ARM64.ActiveCfg = Debug|Any CPU
		{9B6C0B7F-0D0F-4086-9746-0D34D7667DB5}.Debug|x64.ActiveCfg = Debug|Any CPU
		{9B6C0B7F-0D0F-4086-9746-0D34D7667DB5}.Debug|x86.ActiveCfg = Debug|Any CPU
		{9B6C0B7F-0D0F-4086-9746-0D34D7667DB5}.Release|Any CPU.ActiveCfg = Release|Any CPU
		{9B6C0B7F-0D0F-4086-9746-0D34D7667DB5}.Release|Any CPU.Build.0 = Release|Any CPU
		{9B6C0B7F-0D0F-4086-9746-0D34D7667DB5}.Release|ARM.ActiveCfg = Release|Any CPU
		{9B6C0B7F-0D0F-4086-9746-0D34D7667DB5}.Release|ARM64.ActiveCfg = Release|Any CPU
		{9B6C0B7F-0D0F-4086-9746-0D34D7667DB5}.Release|x64.ActiveCfg = Release|Any CPU
		{9B6C0B7F-0D0F-4086-9746-0D34D7667DB5}.Release|x86.ActiveCfg = Release|Any CPU
		{25CEB8B8-90E0-4D23-9978-0CD83889D4AC}.BETA|Any CPU.ActiveCfg = Release|Any CPU
		{25CEB8B8-90E0-4D23-9978-0CD83889D4AC}.BETA|ARM.ActiveCfg = Release|Any CPU
		{25CEB8B8-90E0-4D23-9978-0CD83889D4AC}.BETA|ARM64.ActiveCfg = Release|Any CPU
		{25CEB8B8-90E0-4D23-9978-0CD83889D4AC}.BETA|x64.ActiveCfg = Release|Any CPU
		{25CEB8B8-90E0-4D23-9978-0CD83889D4AC}.BETA|x86.ActiveCfg = Release|Any CPU
		{25CEB8B8-90E0-4D23-9978-0CD83889D4AC}.Debug|Any CPU.ActiveCfg = Debug|Any CPU
		{25CEB8B8-90E0-4D23-9978-0CD83889D4AC}.Debug|Any CPU.Build.0 = Debug|Any CPU
		{25CEB8B8-90E0-4D23-9978-0CD83889D4AC}.Debug|ARM.ActiveCfg = Debug|Any CPU
		{25CEB8B8-90E0-4D23-9978-0CD83889D4AC}.Debug|ARM64.ActiveCfg = Debug|Any CPU
		{25CEB8B8-90E0-4D23-9978-0CD83889D4AC}.Debug|x64.ActiveCfg = Debug|Any CPU
		{25CEB8B8-90E0-4D23-9978-0CD83889D4AC}.Debug|x86.ActiveCfg = Debug|Any CPU
		{25CEB8B8-90E0-4D23-9978-0CD83889D4AC}.Release|Any CPU.ActiveCfg = Release|Any CPU
		{25CEB8B8-90E0-4D23-9978-0CD83889D4AC}.Release|Any CPU.Build.0 = Release|Any CPU
		{25CEB8B8-90E0-4D23-9978-0CD83889D4AC}.Release|ARM.ActiveCfg = Release|Any CPU
		{25CEB8B8-90E0-4D23-9978-0CD83889D4AC}.Release|ARM64.ActiveCfg = Release|Any CPU
		{25CEB8B8-90E0-4D23-9978-0CD83889D4AC}.Release|x64.ActiveCfg = Release|Any CPU
		{25CEB8B8-90E0-4D23-9978-0CD83889D4AC}.Release|x86.ActiveCfg = Release|Any CPU
		{A262757C-9F1A-4F6E-9188-849F4B709D67}.BETA|Any CPU.ActiveCfg = Release|Any CPU
		{A262757C-9F1A-4F6E-9188-849F4B709D67}.BETA|ARM.ActiveCfg = Release|Any CPU
		{A262757C-9F1A-4F6E-9188-849F4B709D67}.BETA|ARM64.ActiveCfg = Release|Any CPU
		{A262757C-9F1A-4F6E-9188-849F4B709D67}.BETA|x64.ActiveCfg = Release|Any CPU
		{A262757C-9F1A-4F6E-9188-849F4B709D67}.BETA|x86.ActiveCfg = Release|Any CPU
		{A262757C-9F1A-4F6E-9188-849F4B709D67}.Debug|Any CPU.ActiveCfg = Debug|Any CPU
		{A262757C-9F1A-4F6E-9188-849F4B709D67}.Debug|Any CPU.Build.0 = Debug|Any CPU
		{A262757C-9F1A-4F6E-9188-849F4B709D67}.Debug|ARM.ActiveCfg = Debug|Any CPU
		{A262757C-9F1A-4F6E-9188-849F4B709D67}.Debug|ARM64.ActiveCfg = Debug|Any CPU
		{A262757C-9F1A-4F6E-9188-849F4B709D67}.Debug|x64.ActiveCfg = Debug|Any CPU
		{A262757C-9F1A-4F6E-9188-849F4B709D67}.Debug|x86.ActiveCfg = Debug|Any CPU
		{A262757C-9F1A-4F6E-9188-849F4B709D67}.Release|Any CPU.ActiveCfg = Release|Any CPU
		{A262757C-9F1A-4F6E-9188-849F4B709D67}.Release|Any CPU.Build.0 = Release|Any CPU
		{A262757C-9F1A-4F6E-9188-849F4B709D67}.Release|ARM.ActiveCfg = Release|Any CPU
		{A262757C-9F1A-4F6E-9188-849F4B709D67}.Release|ARM64.ActiveCfg = Release|Any CPU
		{A262757C-9F1A-4F6E-9188-849F4B709D67}.Release|x64.ActiveCfg = Release|Any CPU
		{A262757C-9F1A-4F6E-9188-849F4B709D67}.Release|x86.ActiveCfg = Release|Any CPU
		{AB2ACC11-DE31-4E47-8A5B-895D6934684F}.BETA|Any CPU.ActiveCfg = Release|Any CPU
		{AB2ACC11-DE31-4E47-8A5B-895D6934684F}.BETA|ARM.ActiveCfg = Release|Any CPU
		{AB2ACC11-DE31-4E47-8A5B-895D6934684F}.BETA|ARM64.ActiveCfg = Release|Any CPU
		{AB2ACC11-DE31-4E47-8A5B-895D6934684F}.BETA|x64.ActiveCfg = Release|Any CPU
		{AB2ACC11-DE31-4E47-8A5B-895D6934684F}.BETA|x86.ActiveCfg = Release|Any CPU
		{AB2ACC11-DE31-4E47-8A5B-895D6934684F}.Debug|Any CPU.ActiveCfg = Debug|Any CPU
		{AB2ACC11-DE31-4E47-8A5B-895D6934684F}.Debug|Any CPU.Build.0 = Debug|Any CPU
		{AB2ACC11-DE31-4E47-8A5B-895D6934684F}.Debug|ARM.ActiveCfg = Debug|Any CPU
		{AB2ACC11-DE31-4E47-8A5B-895D6934684F}.Debug|ARM64.ActiveCfg = Debug|Any CPU
		{AB2ACC11-DE31-4E47-8A5B-895D6934684F}.Debug|x64.ActiveCfg = Debug|Any CPU
		{AB2ACC11-DE31-4E47-8A5B-895D6934684F}.Debug|x86.ActiveCfg = Debug|Any CPU
		{AB2ACC11-DE31-4E47-8A5B-895D6934684F}.Release|Any CPU.ActiveCfg = Release|Any CPU
		{AB2ACC11-DE31-4E47-8A5B-895D6934684F}.Release|Any CPU.Build.0 = Release|Any CPU
		{AB2ACC11-DE31-4E47-8A5B-895D6934684F}.Release|ARM.ActiveCfg = Release|Any CPU
		{AB2ACC11-DE31-4E47-8A5B-895D6934684F}.Release|ARM64.ActiveCfg = Release|Any CPU
		{AB2ACC11-DE31-4E47-8A5B-895D6934684F}.Release|x64.ActiveCfg = Release|Any CPU
		{AB2ACC11-DE31-4E47-8A5B-895D6934684F}.Release|x86.ActiveCfg = Release|Any CPU
		{88C07427-E8AF-4F9D-A4FE-07EB2D975723}.BETA|Any CPU.ActiveCfg = Debug|Any CPU
		{88C07427-E8AF-4F9D-A4FE-07EB2D975723}.BETA|ARM.ActiveCfg = Debug|Any CPU
		{88C07427-E8AF-4F9D-A4FE-07EB2D975723}.BETA|ARM64.ActiveCfg = Debug|Any CPU
		{88C07427-E8AF-4F9D-A4FE-07EB2D975723}.BETA|x64.ActiveCfg = Debug|Any CPU
		{88C07427-E8AF-4F9D-A4FE-07EB2D975723}.BETA|x86.ActiveCfg = Debug|Any CPU
		{88C07427-E8AF-4F9D-A4FE-07EB2D975723}.Debug|Any CPU.ActiveCfg = Debug|Any CPU
		{88C07427-E8AF-4F9D-A4FE-07EB2D975723}.Debug|Any CPU.Build.0 = Debug|Any CPU
		{88C07427-E8AF-4F9D-A4FE-07EB2D975723}.Debug|ARM.ActiveCfg = Debug|Any CPU
		{88C07427-E8AF-4F9D-A4FE-07EB2D975723}.Debug|ARM64.ActiveCfg = Debug|Any CPU
		{88C07427-E8AF-4F9D-A4FE-07EB2D975723}.Debug|x64.ActiveCfg = Debug|Any CPU
		{88C07427-E8AF-4F9D-A4FE-07EB2D975723}.Debug|x86.ActiveCfg = Debug|Any CPU
		{88C07427-E8AF-4F9D-A4FE-07EB2D975723}.Release|Any CPU.ActiveCfg = Release|Any CPU
		{88C07427-E8AF-4F9D-A4FE-07EB2D975723}.Release|Any CPU.Build.0 = Release|Any CPU
		{88C07427-E8AF-4F9D-A4FE-07EB2D975723}.Release|ARM.ActiveCfg = Release|Any CPU
		{88C07427-E8AF-4F9D-A4FE-07EB2D975723}.Release|ARM64.ActiveCfg = Release|Any CPU
		{88C07427-E8AF-4F9D-A4FE-07EB2D975723}.Release|x64.ActiveCfg = Release|Any CPU
		{88C07427-E8AF-4F9D-A4FE-07EB2D975723}.Release|x86.ActiveCfg = Release|Any CPU
		{6984AF37-D580-4087-806B-480A04F2DF77}.BETA|Any CPU.ActiveCfg = Debug|Any CPU
		{6984AF37-D580-4087-806B-480A04F2DF77}.BETA|Any CPU.Build.0 = Debug|Any CPU
		{6984AF37-D580-4087-806B-480A04F2DF77}.BETA|ARM.ActiveCfg = Debug|Any CPU
		{6984AF37-D580-4087-806B-480A04F2DF77}.BETA|ARM64.ActiveCfg = Debug|Any CPU
		{6984AF37-D580-4087-806B-480A04F2DF77}.BETA|x64.ActiveCfg = Debug|Any CPU
		{6984AF37-D580-4087-806B-480A04F2DF77}.BETA|x86.ActiveCfg = Debug|Any CPU
		{6984AF37-D580-4087-806B-480A04F2DF77}.Debug|Any CPU.ActiveCfg = Debug|Any CPU
		{6984AF37-D580-4087-806B-480A04F2DF77}.Debug|Any CPU.Build.0 = Debug|Any CPU
		{6984AF37-D580-4087-806B-480A04F2DF77}.Debug|ARM.ActiveCfg = Debug|Any CPU
		{6984AF37-D580-4087-806B-480A04F2DF77}.Debug|ARM64.ActiveCfg = Debug|Any CPU
		{6984AF37-D580-4087-806B-480A04F2DF77}.Debug|x64.ActiveCfg = Debug|Any CPU
		{6984AF37-D580-4087-806B-480A04F2DF77}.Debug|x86.ActiveCfg = Debug|Any CPU
		{6984AF37-D580-4087-806B-480A04F2DF77}.Release|Any CPU.ActiveCfg = Release|Any CPU
		{6984AF37-D580-4087-806B-480A04F2DF77}.Release|Any CPU.Build.0 = Release|Any CPU
		{6984AF37-D580-4087-806B-480A04F2DF77}.Release|ARM.ActiveCfg = Release|Any CPU
		{6984AF37-D580-4087-806B-480A04F2DF77}.Release|ARM64.ActiveCfg = Release|Any CPU
		{6984AF37-D580-4087-806B-480A04F2DF77}.Release|x64.ActiveCfg = Release|Any CPU
		{6984AF37-D580-4087-806B-480A04F2DF77}.Release|x86.ActiveCfg = Release|Any CPU
		{E91E3CDE-3088-4B12-8472-D2C1C05B7229}.BETA|Any CPU.ActiveCfg = Debug|Any CPU
		{E91E3CDE-3088-4B12-8472-D2C1C05B7229}.BETA|Any CPU.Build.0 = Debug|Any CPU
		{E91E3CDE-3088-4B12-8472-D2C1C05B7229}.BETA|ARM.ActiveCfg = Debug|Any CPU
		{E91E3CDE-3088-4B12-8472-D2C1C05B7229}.BETA|ARM64.ActiveCfg = Debug|Any CPU
		{E91E3CDE-3088-4B12-8472-D2C1C05B7229}.BETA|x64.ActiveCfg = Debug|Any CPU
		{E91E3CDE-3088-4B12-8472-D2C1C05B7229}.BETA|x86.ActiveCfg = Debug|Any CPU
		{E91E3CDE-3088-4B12-8472-D2C1C05B7229}.Debug|Any CPU.ActiveCfg = Debug|Any CPU
		{E91E3CDE-3088-4B12-8472-D2C1C05B7229}.Debug|Any CPU.Build.0 = Debug|Any CPU
		{E91E3CDE-3088-4B12-8472-D2C1C05B7229}.Debug|ARM.ActiveCfg = Debug|Any CPU
		{E91E3CDE-3088-4B12-8472-D2C1C05B7229}.Debug|ARM64.ActiveCfg = Debug|Any CPU
		{E91E3CDE-3088-4B12-8472-D2C1C05B7229}.Debug|x64.ActiveCfg = Debug|Any CPU
		{E91E3CDE-3088-4B12-8472-D2C1C05B7229}.Debug|x86.ActiveCfg = Debug|Any CPU
		{E91E3CDE-3088-4B12-8472-D2C1C05B7229}.Release|Any CPU.ActiveCfg = Release|Any CPU
		{E91E3CDE-3088-4B12-8472-D2C1C05B7229}.Release|Any CPU.Build.0 = Release|Any CPU
		{E91E3CDE-3088-4B12-8472-D2C1C05B7229}.Release|ARM.ActiveCfg = Release|Any CPU
		{E91E3CDE-3088-4B12-8472-D2C1C05B7229}.Release|ARM64.ActiveCfg = Release|Any CPU
		{E91E3CDE-3088-4B12-8472-D2C1C05B7229}.Release|x64.ActiveCfg = Release|Any CPU
		{E91E3CDE-3088-4B12-8472-D2C1C05B7229}.Release|x86.ActiveCfg = Release|Any CPU
		{192FBD28-8531-4607-A17C-44A1A51A1565}.BETA|Any CPU.ActiveCfg = Debug|Any CPU
		{192FBD28-8531-4607-A17C-44A1A51A1565}.BETA|Any CPU.Build.0 = Debug|Any CPU
		{192FBD28-8531-4607-A17C-44A1A51A1565}.BETA|ARM.ActiveCfg = Debug|Any CPU
		{192FBD28-8531-4607-A17C-44A1A51A1565}.BETA|ARM64.ActiveCfg = Debug|Any CPU
		{192FBD28-8531-4607-A17C-44A1A51A1565}.BETA|x64.ActiveCfg = Debug|Any CPU
		{192FBD28-8531-4607-A17C-44A1A51A1565}.BETA|x86.ActiveCfg = Debug|Any CPU
		{192FBD28-8531-4607-A17C-44A1A51A1565}.Debug|Any CPU.ActiveCfg = Debug|Any CPU
		{192FBD28-8531-4607-A17C-44A1A51A1565}.Debug|Any CPU.Build.0 = Debug|Any CPU
		{192FBD28-8531-4607-A17C-44A1A51A1565}.Debug|ARM.ActiveCfg = Debug|Any CPU
		{192FBD28-8531-4607-A17C-44A1A51A1565}.Debug|ARM64.ActiveCfg = Debug|Any CPU
		{192FBD28-8531-4607-A17C-44A1A51A1565}.Debug|x64.ActiveCfg = Debug|Any CPU
		{192FBD28-8531-4607-A17C-44A1A51A1565}.Debug|x86.ActiveCfg = Debug|Any CPU
		{192FBD28-8531-4607-A17C-44A1A51A1565}.Release|Any CPU.ActiveCfg = Release|Any CPU
		{192FBD28-8531-4607-A17C-44A1A51A1565}.Release|Any CPU.Build.0 = Release|Any CPU
		{192FBD28-8531-4607-A17C-44A1A51A1565}.Release|ARM.ActiveCfg = Release|Any CPU
		{192FBD28-8531-4607-A17C-44A1A51A1565}.Release|ARM64.ActiveCfg = Release|Any CPU
		{192FBD28-8531-4607-A17C-44A1A51A1565}.Release|x64.ActiveCfg = Release|Any CPU
		{192FBD28-8531-4607-A17C-44A1A51A1565}.Release|x86.ActiveCfg = Release|Any CPU
		{C505CD2D-5D26-42EE-8FAA-41BB784821EF}.BETA|Any CPU.ActiveCfg = Debug|x64
		{C505CD2D-5D26-42EE-8FAA-41BB784821EF}.BETA|Any CPU.Build.0 = Debug|x64
		{C505CD2D-5D26-42EE-8FAA-41BB784821EF}.BETA|ARM.ActiveCfg = Debug|x64
		{C505CD2D-5D26-42EE-8FAA-41BB784821EF}.BETA|ARM.Build.0 = Debug|x64
		{C505CD2D-5D26-42EE-8FAA-41BB784821EF}.BETA|ARM64.ActiveCfg = Debug|x64
		{C505CD2D-5D26-42EE-8FAA-41BB784821EF}.BETA|ARM64.Build.0 = Debug|x64
		{C505CD2D-5D26-42EE-8FAA-41BB784821EF}.BETA|x64.ActiveCfg = Debug|x64
		{C505CD2D-5D26-42EE-8FAA-41BB784821EF}.BETA|x64.Build.0 = Debug|x64
		{C505CD2D-5D26-42EE-8FAA-41BB784821EF}.BETA|x86.ActiveCfg = Debug|x86
		{C505CD2D-5D26-42EE-8FAA-41BB784821EF}.BETA|x86.Build.0 = Debug|x86
		{C505CD2D-5D26-42EE-8FAA-41BB784821EF}.Debug|Any CPU.ActiveCfg = Debug|Any CPU
		{C505CD2D-5D26-42EE-8FAA-41BB784821EF}.Debug|Any CPU.Build.0 = Debug|Any CPU
		{C505CD2D-5D26-42EE-8FAA-41BB784821EF}.Debug|ARM.ActiveCfg = Debug|x64
		{C505CD2D-5D26-42EE-8FAA-41BB784821EF}.Debug|ARM.Build.0 = Debug|x64
		{C505CD2D-5D26-42EE-8FAA-41BB784821EF}.Debug|ARM64.ActiveCfg = Debug|x64
		{C505CD2D-5D26-42EE-8FAA-41BB784821EF}.Debug|ARM64.Build.0 = Debug|x64
		{C505CD2D-5D26-42EE-8FAA-41BB784821EF}.Debug|x64.ActiveCfg = Debug|x64
		{C505CD2D-5D26-42EE-8FAA-41BB784821EF}.Debug|x64.Build.0 = Debug|x64
		{C505CD2D-5D26-42EE-8FAA-41BB784821EF}.Debug|x86.ActiveCfg = Debug|Any CPU
		{C505CD2D-5D26-42EE-8FAA-41BB784821EF}.Debug|x86.Build.0 = Debug|Any CPU
		{C505CD2D-5D26-42EE-8FAA-41BB784821EF}.Release|Any CPU.ActiveCfg = Release|Any CPU
		{C505CD2D-5D26-42EE-8FAA-41BB784821EF}.Release|Any CPU.Build.0 = Release|Any CPU
		{C505CD2D-5D26-42EE-8FAA-41BB784821EF}.Release|ARM.ActiveCfg = Release|x64
		{C505CD2D-5D26-42EE-8FAA-41BB784821EF}.Release|ARM.Build.0 = Release|x64
		{C505CD2D-5D26-42EE-8FAA-41BB784821EF}.Release|ARM64.ActiveCfg = Release|x64
		{C505CD2D-5D26-42EE-8FAA-41BB784821EF}.Release|ARM64.Build.0 = Release|x64
		{C505CD2D-5D26-42EE-8FAA-41BB784821EF}.Release|x64.ActiveCfg = Release|x64
		{C505CD2D-5D26-42EE-8FAA-41BB784821EF}.Release|x64.Build.0 = Release|x64
		{C505CD2D-5D26-42EE-8FAA-41BB784821EF}.Release|x86.ActiveCfg = Release|Any CPU
		{C505CD2D-5D26-42EE-8FAA-41BB784821EF}.Release|x86.Build.0 = Release|Any CPU
		{6AB50ED0-6273-4919-9ADE-50195664EF15}.BETA|Any CPU.ActiveCfg = Debug|x64
		{6AB50ED0-6273-4919-9ADE-50195664EF15}.BETA|Any CPU.Build.0 = Debug|x64
		{6AB50ED0-6273-4919-9ADE-50195664EF15}.BETA|Any CPU.Deploy.0 = Debug|x64
		{6AB50ED0-6273-4919-9ADE-50195664EF15}.BETA|ARM.ActiveCfg = Debug|ARM
		{6AB50ED0-6273-4919-9ADE-50195664EF15}.BETA|ARM.Build.0 = Debug|ARM
		{6AB50ED0-6273-4919-9ADE-50195664EF15}.BETA|ARM.Deploy.0 = Debug|ARM
		{6AB50ED0-6273-4919-9ADE-50195664EF15}.BETA|ARM64.ActiveCfg = Debug|ARM64
		{6AB50ED0-6273-4919-9ADE-50195664EF15}.BETA|ARM64.Build.0 = Debug|ARM64
		{6AB50ED0-6273-4919-9ADE-50195664EF15}.BETA|ARM64.Deploy.0 = Debug|ARM64
		{6AB50ED0-6273-4919-9ADE-50195664EF15}.BETA|x64.ActiveCfg = Debug|x64
		{6AB50ED0-6273-4919-9ADE-50195664EF15}.BETA|x64.Build.0 = Debug|x64
		{6AB50ED0-6273-4919-9ADE-50195664EF15}.BETA|x64.Deploy.0 = Debug|x64
		{6AB50ED0-6273-4919-9ADE-50195664EF15}.BETA|x86.ActiveCfg = Debug|x86
		{6AB50ED0-6273-4919-9ADE-50195664EF15}.BETA|x86.Build.0 = Debug|x86
		{6AB50ED0-6273-4919-9ADE-50195664EF15}.BETA|x86.Deploy.0 = Debug|x86
		{6AB50ED0-6273-4919-9ADE-50195664EF15}.Debug|Any CPU.ActiveCfg = Debug|x64
		{6AB50ED0-6273-4919-9ADE-50195664EF15}.Debug|Any CPU.Build.0 = Debug|x64
		{6AB50ED0-6273-4919-9ADE-50195664EF15}.Debug|Any CPU.Deploy.0 = Debug|x64
		{6AB50ED0-6273-4919-9ADE-50195664EF15}.Debug|ARM.ActiveCfg = Debug|ARM
		{6AB50ED0-6273-4919-9ADE-50195664EF15}.Debug|ARM.Build.0 = Debug|ARM
		{6AB50ED0-6273-4919-9ADE-50195664EF15}.Debug|ARM.Deploy.0 = Debug|ARM
		{6AB50ED0-6273-4919-9ADE-50195664EF15}.Debug|ARM64.ActiveCfg = Debug|ARM64
		{6AB50ED0-6273-4919-9ADE-50195664EF15}.Debug|ARM64.Build.0 = Debug|ARM64
		{6AB50ED0-6273-4919-9ADE-50195664EF15}.Debug|ARM64.Deploy.0 = Debug|ARM64
		{6AB50ED0-6273-4919-9ADE-50195664EF15}.Debug|x64.ActiveCfg = Debug|x64
		{6AB50ED0-6273-4919-9ADE-50195664EF15}.Debug|x64.Build.0 = Debug|x64
		{6AB50ED0-6273-4919-9ADE-50195664EF15}.Debug|x64.Deploy.0 = Debug|x64
		{6AB50ED0-6273-4919-9ADE-50195664EF15}.Debug|x86.ActiveCfg = Debug|x86
		{6AB50ED0-6273-4919-9ADE-50195664EF15}.Debug|x86.Build.0 = Debug|x86
		{6AB50ED0-6273-4919-9ADE-50195664EF15}.Debug|x86.Deploy.0 = Debug|x86
		{6AB50ED0-6273-4919-9ADE-50195664EF15}.Release|Any CPU.ActiveCfg = Release|x64
		{6AB50ED0-6273-4919-9ADE-50195664EF15}.Release|Any CPU.Build.0 = Release|x64
		{6AB50ED0-6273-4919-9ADE-50195664EF15}.Release|Any CPU.Deploy.0 = Release|x64
		{6AB50ED0-6273-4919-9ADE-50195664EF15}.Release|ARM.ActiveCfg = Release|ARM
		{6AB50ED0-6273-4919-9ADE-50195664EF15}.Release|ARM.Build.0 = Release|ARM
		{6AB50ED0-6273-4919-9ADE-50195664EF15}.Release|ARM.Deploy.0 = Release|ARM
		{6AB50ED0-6273-4919-9ADE-50195664EF15}.Release|ARM64.ActiveCfg = Release|ARM64
		{6AB50ED0-6273-4919-9ADE-50195664EF15}.Release|ARM64.Build.0 = Release|ARM64
		{6AB50ED0-6273-4919-9ADE-50195664EF15}.Release|ARM64.Deploy.0 = Release|ARM64
		{6AB50ED0-6273-4919-9ADE-50195664EF15}.Release|x64.ActiveCfg = Release|x64
		{6AB50ED0-6273-4919-9ADE-50195664EF15}.Release|x64.Build.0 = Release|x64
		{6AB50ED0-6273-4919-9ADE-50195664EF15}.Release|x64.Deploy.0 = Release|x64
		{6AB50ED0-6273-4919-9ADE-50195664EF15}.Release|x86.ActiveCfg = Release|x86
		{6AB50ED0-6273-4919-9ADE-50195664EF15}.Release|x86.Build.0 = Release|x86
		{6AB50ED0-6273-4919-9ADE-50195664EF15}.Release|x86.Deploy.0 = Release|x86
	EndGlobalSection
	GlobalSection(SolutionProperties) = preSolution
		HideSolutionNode = FALSE
	EndGlobalSection
	GlobalSection(NestedProjects) = preSolution
		{8EF7BD77-28E9-4998-8DBB-8036F988FE65} = {AB232F35-AAF7-4AE2-B1D2-45DD9BC2F7D7}
		{B3DB16EE-A821-4474-A188-E64926529BBD} = {AB232F35-AAF7-4AE2-B1D2-45DD9BC2F7D7}
		{4E7D8957-3F5F-46E1-99A8-2012B806C9B0} = {AB232F35-AAF7-4AE2-B1D2-45DD9BC2F7D7}
		{0340244A-683C-405E-838B-F93872779532} = {AB232F35-AAF7-4AE2-B1D2-45DD9BC2F7D7}
		{D02870DE-7DED-4916-85D4-3175CEEDEF74} = {AB232F35-AAF7-4AE2-B1D2-45DD9BC2F7D7}
		{68317393-F5A5-4B2C-918A-688DB2C10F54} = {C75BD686-21A6-4EB3-8D4B-D5A01C019C52}
		{6221591A-E8F4-4A5E-8F0C-2651C24AD495} = {C75BD686-21A6-4EB3-8D4B-D5A01C019C52}
		{BB081E5A-CF3C-490F-8F8E-450A79F6CA33} = {C75BD686-21A6-4EB3-8D4B-D5A01C019C52}
		{BCEDF904-F986-42EC-A22D-E0662777B7F9} = {C75BD686-21A6-4EB3-8D4B-D5A01C019C52}
		{74601E6C-2DFE-4842-B170-047941ABFF2C} = {AB232F35-AAF7-4AE2-B1D2-45DD9BC2F7D7}
		{9A99E690-71D2-4E26-9000-0E0920394DFE} = {C75BD686-21A6-4EB3-8D4B-D5A01C019C52}
		{30059CA7-0745-4EEC-8D11-B14850A70C98} = {AB232F35-AAF7-4AE2-B1D2-45DD9BC2F7D7}
		{12059276-646C-47A4-8D24-C92CFD99EC04} = {C75BD686-21A6-4EB3-8D4B-D5A01C019C52}
		{39C6B7F3-5E75-4019-82AB-00FD8A0A06E2} = {AB232F35-AAF7-4AE2-B1D2-45DD9BC2F7D7}
		{CB587630-3CFD-4BB3-867C-3F5B1FFBC738} = {C75BD686-21A6-4EB3-8D4B-D5A01C019C52}
		{2202E218-DD9F-496A-AEF4-3F07F0EA5B9D} = {AB232F35-AAF7-4AE2-B1D2-45DD9BC2F7D7}
		{1BBCFEED-5929-4FF7-8885-B94EAF65567C} = {C75BD686-21A6-4EB3-8D4B-D5A01C019C52}
		{07D6DFEE-E76C-4EAC-B361-99D5EDA7BCE1} = {AB232F35-AAF7-4AE2-B1D2-45DD9BC2F7D7}
		{77BCD724-8555-463B-985F-F8E8110164C4} = {AB232F35-AAF7-4AE2-B1D2-45DD9BC2F7D7}
		{A687177E-31FF-4F05-89C6-03657C96A166} = {C75BD686-21A6-4EB3-8D4B-D5A01C019C52}
		{D02BE6C8-14DB-4B4F-8600-F3C9B69C104D} = {AB232F35-AAF7-4AE2-B1D2-45DD9BC2F7D7}
		{9B6C0B7F-0D0F-4086-9746-0D34D7667DB5} = {C75BD686-21A6-4EB3-8D4B-D5A01C019C52}
		{04B43A1A-DDFB-4A61-BF36-39F5E666C702} = {AB232F35-AAF7-4AE2-B1D2-45DD9BC2F7D7}
		{25CEB8B8-90E0-4D23-9978-0CD83889D4AC} = {C75BD686-21A6-4EB3-8D4B-D5A01C019C52}
		{B0197C19-BDF5-473E-A022-E21F6122EEE5} = {AB232F35-AAF7-4AE2-B1D2-45DD9BC2F7D7}
		{A262757C-9F1A-4F6E-9188-849F4B709D67} = {C75BD686-21A6-4EB3-8D4B-D5A01C019C52}
		{E32587A8-94E8-4B68-91AD-F3612A48A62B} = {AB232F35-AAF7-4AE2-B1D2-45DD9BC2F7D7}
		{7012420D-624C-4BD4-A1D2-1C6C1655ED3A} = {AB232F35-AAF7-4AE2-B1D2-45DD9BC2F7D7}
		{AB2ACC11-DE31-4E47-8A5B-895D6934684F} = {C75BD686-21A6-4EB3-8D4B-D5A01C019C52}
		{88C07427-E8AF-4F9D-A4FE-07EB2D975723} = {C75BD686-21A6-4EB3-8D4B-D5A01C019C52}
		{FC89273A-B2DA-4625-8A73-EF02A658D65E} = {AB232F35-AAF7-4AE2-B1D2-45DD9BC2F7D7}
		{7654A857-9A99-4185-9F8E-DD0CE662AF23} = {AB232F35-AAF7-4AE2-B1D2-45DD9BC2F7D7}
		{DC7F7A39-B7A7-40B4-937A-601460CAE38C} = {AB232F35-AAF7-4AE2-B1D2-45DD9BC2F7D7}
	EndGlobalSection
	GlobalSection(ExtensibilityGlobals) = postSolution
		SolutionGuid = {51B9BB4C-5196-41CF-950C-12B04AD8A61C}
	EndGlobalSection
	GlobalSection(SharedMSBuildProjectFiles) = preSolution
		source\LottieToWinComp\LottieToWinComp.projitems*{0340244a-683c-405e-838b-f93872779532}*SharedItemsImports = 13
		source\LottieMetadata\LottieMetadata.projitems*{04b43a1a-ddfb-4a61-bf36-39f5e666c702}*SharedItemsImports = 13
		source\WinUIXamlMediaData\WinUIXamlMediaData.projitems*{12059276-646c-47a4-8d24-c92cfd99ec04}*SharedItemsImports = 5
		source\WinStorageStreamsData\WinStorageStreamsData.projitems*{1bbcfeed-5929-4ff7-8885-b94eaf65567c}*SharedItemsImports = 5
		source\WinStorageStreamsData\WinStorageStreamsData.projitems*{2202e218-dd9f-496a-aef4-3f07f0ea5b9d}*SharedItemsImports = 13
		source\LottieMetadata\LottieMetadata.projitems*{25ceb8b8-90e0-4d23-9978-0cd83889d4ac}*SharedItemsImports = 5
		source\WinUIXamlMediaData\WinUIXamlMediaData.projitems*{30059ca7-0745-4eec-8d11-b14850a70c98}*SharedItemsImports = 13
		source\YamlData\YamlData.projitems*{39c6b7f3-5e75-4019-82ab-00fd8a0a06e2}*SharedItemsImports = 13
		source\LottieReader\LottieReader.projitems*{4e7d8957-3f5f-46e1-99a8-2012b806c9b0}*SharedItemsImports = 13
		source\Animatables\Animatables.projitems*{5120efd7-a556-46bf-8d56-f65f1ef9a305}*SharedItemsImports = 4
		source\CompMetadata\CompMetadata.projitems*{5120efd7-a556-46bf-8d56-f65f1ef9a305}*SharedItemsImports = 4
		source\DotLottie\DotLottie.projitems*{5120efd7-a556-46bf-8d56-f65f1ef9a305}*SharedItemsImports = 4
		source\GenericData\GenericData.projitems*{5120efd7-a556-46bf-8d56-f65f1ef9a305}*SharedItemsImports = 4
		source\LottieData\LottieData.projitems*{5120efd7-a556-46bf-8d56-f65f1ef9a305}*SharedItemsImports = 4
		source\LottieMetadata\LottieMetadata.projitems*{5120efd7-a556-46bf-8d56-f65f1ef9a305}*SharedItemsImports = 4
		source\LottieReader\LottieReader.projitems*{5120efd7-a556-46bf-8d56-f65f1ef9a305}*SharedItemsImports = 4
		source\LottieToWinComp\LottieToWinComp.projitems*{5120efd7-a556-46bf-8d56-f65f1ef9a305}*SharedItemsImports = 4
		source\Lottie\Lottie.projitems*{5120efd7-a556-46bf-8d56-f65f1ef9a305}*SharedItemsImports = 4
		source\NullablesAttributes\NullablesAttributes.projitems*{5120efd7-a556-46bf-8d56-f65f1ef9a305}*SharedItemsImports = 4
		source\UIData\UIData.projitems*{5120efd7-a556-46bf-8d56-f65f1ef9a305}*SharedItemsImports = 4
		source\WinCompData\WinCompData.projitems*{5120efd7-a556-46bf-8d56-f65f1ef9a305}*SharedItemsImports = 4
		source\WinStorageStreamsData\WinStorageStreamsData.projitems*{5120efd7-a556-46bf-8d56-f65f1ef9a305}*SharedItemsImports = 4
		source\WinUIXamlMediaData\WinUIXamlMediaData.projitems*{5120efd7-a556-46bf-8d56-f65f1ef9a305}*SharedItemsImports = 4
		source\YamlData\YamlData.projitems*{5120efd7-a556-46bf-8d56-f65f1ef9a305}*SharedItemsImports = 4
		source\LottieData\LottieData.projitems*{6221591a-e8f4-4a5e-8f0c-2651c24ad495}*SharedItemsImports = 5
		source\WinCompData\WinCompData.projitems*{68317393-f5a5-4b2c-918a-688db2c10f54}*SharedItemsImports = 5
		source\Animatables\Animatables.projitems*{6984af37-d580-4087-806b-480a04f2df77}*SharedItemsImports = 5
		source\CompMetadata\CompMetadata.projitems*{6984af37-d580-4087-806b-480a04f2df77}*SharedItemsImports = 5
		source\DotLottie\DotLottie.projitems*{6984af37-d580-4087-806b-480a04f2df77}*SharedItemsImports = 5
		source\GenericData\GenericData.projitems*{6984af37-d580-4087-806b-480a04f2df77}*SharedItemsImports = 5
		source\LottieData\LottieData.projitems*{6984af37-d580-4087-806b-480a04f2df77}*SharedItemsImports = 5
		source\LottieGenExe\LottieGenExe.projitems*{6984af37-d580-4087-806b-480a04f2df77}*SharedItemsImports = 5
		source\LottieGen\LottieGen.projitems*{6984af37-d580-4087-806b-480a04f2df77}*SharedItemsImports = 5
		source\LottieMetadata\LottieMetadata.projitems*{6984af37-d580-4087-806b-480a04f2df77}*SharedItemsImports = 5
		source\LottieReader\LottieReader.projitems*{6984af37-d580-4087-806b-480a04f2df77}*SharedItemsImports = 5
		source\LottieToWinComp\LottieToWinComp.projitems*{6984af37-d580-4087-806b-480a04f2df77}*SharedItemsImports = 5
		source\UIDataCodeGen\UIDataCodeGen.projitems*{6984af37-d580-4087-806b-480a04f2df77}*SharedItemsImports = 5
		source\UIData\UIData.projitems*{6984af37-d580-4087-806b-480a04f2df77}*SharedItemsImports = 5
		source\WinCompData\WinCompData.projitems*{6984af37-d580-4087-806b-480a04f2df77}*SharedItemsImports = 5
		source\WinStorageStreamsData\WinStorageStreamsData.projitems*{6984af37-d580-4087-806b-480a04f2df77}*SharedItemsImports = 5
		source\WinUIXamlMediaData\WinUIXamlMediaData.projitems*{6984af37-d580-4087-806b-480a04f2df77}*SharedItemsImports = 5
		source\YamlData\YamlData.projitems*{6984af37-d580-4087-806b-480a04f2df77}*SharedItemsImports = 5
		source\NullablesAttributes\NullablesAttributes.projitems*{6ab50ed0-6273-4919-9ade-50195664ef15}*SharedItemsImports = 4
		source\DotLottie\DotLottie.projitems*{7012420d-624c-4bd4-a1d2-1c6c1655ed3a}*SharedItemsImports = 13
		source\UIData\UIData.projitems*{74601e6c-2dfe-4842-b170-047941abff2c}*SharedItemsImports = 13
		source\LottieGen\LottieGen.projitems*{7654a857-9a99-4185-9f8e-dd0ce662af23}*SharedItemsImports = 13
		source\GenericData\GenericData.projitems*{77bcd724-8555-463b-985f-f8e8110164c4}*SharedItemsImports = 13
		source\Animatables\Animatables.projitems*{88c07427-e8af-4f9d-a4fe-07eb2d975723}*SharedItemsImports = 5
		source\Lottie\Lottie.projitems*{8ef7bd77-28e9-4998-8dbb-8036f988fe65}*SharedItemsImports = 13
		source\UIData\UIData.projitems*{9a99e690-71d2-4e26-9000-0e0920394dfe}*SharedItemsImports = 5
		source\UIDataCodeGen\UIDataCodeGen.projitems*{9b6c0b7f-0d0f-4086-9746-0d34d7667db5}*SharedItemsImports = 5
		source\CompMetadata\CompMetadata.projitems*{a262757c-9f1a-4f6e-9188-849f4b709d67}*SharedItemsImports = 5
		source\GenericData\GenericData.projitems*{a687177e-31ff-4f05-89c6-03657c96a166}*SharedItemsImports = 5
		source\DotLottie\DotLottie.projitems*{ab2acc11-de31-4e47-8a5b-895d6934684f}*SharedItemsImports = 5
		source\CompMetadata\CompMetadata.projitems*{b0197c19-bdf5-473e-a022-e21f6122eee5}*SharedItemsImports = 13
		source\LottieData\LottieData.projitems*{b3db16ee-a821-4474-a188-e64926529bbd}*SharedItemsImports = 13
		source\LottieReader\LottieReader.projitems*{bb081e5a-cf3c-490f-8f8e-450a79f6ca33}*SharedItemsImports = 5
		source\LottieToWinComp\LottieToWinComp.projitems*{bcedf904-f986-42ec-a22d-e0662777b7f9}*SharedItemsImports = 5
		source\Animatables\Animatables.projitems*{c505cd2d-5d26-42ee-8faa-41bb784821ef}*SharedItemsImports = 5
		source\CompMetadata\CompMetadata.projitems*{c505cd2d-5d26-42ee-8faa-41bb784821ef}*SharedItemsImports = 5
		source\DotLottie\DotLottie.projitems*{c505cd2d-5d26-42ee-8faa-41bb784821ef}*SharedItemsImports = 5
		source\GenericData\GenericData.projitems*{c505cd2d-5d26-42ee-8faa-41bb784821ef}*SharedItemsImports = 5
		source\LottieData\LottieData.projitems*{c505cd2d-5d26-42ee-8faa-41bb784821ef}*SharedItemsImports = 5
		source\LottieMetadata\LottieMetadata.projitems*{c505cd2d-5d26-42ee-8faa-41bb784821ef}*SharedItemsImports = 5
		source\LottieReader\LottieReader.projitems*{c505cd2d-5d26-42ee-8faa-41bb784821ef}*SharedItemsImports = 5
		source\LottieToWinComp\LottieToWinComp.projitems*{c505cd2d-5d26-42ee-8faa-41bb784821ef}*SharedItemsImports = 5
		source\Lottie\Lottie.projitems*{c505cd2d-5d26-42ee-8faa-41bb784821ef}*SharedItemsImports = 5
		source\NullablesAttributes\NullablesAttributes.projitems*{c505cd2d-5d26-42ee-8faa-41bb784821ef}*SharedItemsImports = 5
		source\UIData\UIData.projitems*{c505cd2d-5d26-42ee-8faa-41bb784821ef}*SharedItemsImports = 5
		source\WinCompData\WinCompData.projitems*{c505cd2d-5d26-42ee-8faa-41bb784821ef}*SharedItemsImports = 5
		source\WinStorageStreamsData\WinStorageStreamsData.projitems*{c505cd2d-5d26-42ee-8faa-41bb784821ef}*SharedItemsImports = 5
		source\WinUIXamlMediaData\WinUIXamlMediaData.projitems*{c505cd2d-5d26-42ee-8faa-41bb784821ef}*SharedItemsImports = 5
		source\YamlData\YamlData.projitems*{c505cd2d-5d26-42ee-8faa-41bb784821ef}*SharedItemsImports = 5
		source\YamlData\YamlData.projitems*{cb587630-3cfd-4bb3-867c-3f5b1ffbc738}*SharedItemsImports = 5
		source\WinCompData\WinCompData.projitems*{d02870de-7ded-4916-85d4-3175ceedef74}*SharedItemsImports = 13
		source\UIDataCodeGen\UIDataCodeGen.projitems*{d02be6c8-14db-4b4f-8600-f3c9b69c104d}*SharedItemsImports = 13
		source\LottieGenExe\LottieGenExe.projitems*{dc7f7a39-b7a7-40b4-937a-601460cae38c}*SharedItemsImports = 13
		source\NullablesAttributes\NullablesAttributes.projitems*{e32587a8-94e8-4b68-91ad-f3612a48a62b}*SharedItemsImports = 13
		source\Animatables\Animatables.projitems*{e392bad0-f936-4b64-a445-552597795cc7}*SharedItemsImports = 5
		source\CompMetadata\CompMetadata.projitems*{e392bad0-f936-4b64-a445-552597795cc7}*SharedItemsImports = 5
		source\DotLottie\DotLottie.projitems*{e392bad0-f936-4b64-a445-552597795cc7}*SharedItemsImports = 5
		source\GenericData\GenericData.projitems*{e392bad0-f936-4b64-a445-552597795cc7}*SharedItemsImports = 5
		source\LottieData\LottieData.projitems*{e392bad0-f936-4b64-a445-552597795cc7}*SharedItemsImports = 5
		source\LottieMetadata\LottieMetadata.projitems*{e392bad0-f936-4b64-a445-552597795cc7}*SharedItemsImports = 5
		source\LottieReader\LottieReader.projitems*{e392bad0-f936-4b64-a445-552597795cc7}*SharedItemsImports = 5
		source\LottieToWinComp\LottieToWinComp.projitems*{e392bad0-f936-4b64-a445-552597795cc7}*SharedItemsImports = 5
		source\Lottie\Lottie.projitems*{e392bad0-f936-4b64-a445-552597795cc7}*SharedItemsImports = 5
		source\NullablesAttributes\NullablesAttributes.projitems*{e392bad0-f936-4b64-a445-552597795cc7}*SharedItemsImports = 5
		source\UIData\UIData.projitems*{e392bad0-f936-4b64-a445-552597795cc7}*SharedItemsImports = 5
		source\WinCompData\WinCompData.projitems*{e392bad0-f936-4b64-a445-552597795cc7}*SharedItemsImports = 5
		source\WinStorageStreamsData\WinStorageStreamsData.projitems*{e392bad0-f936-4b64-a445-552597795cc7}*SharedItemsImports = 5
		source\WinUIXamlMediaData\WinUIXamlMediaData.projitems*{e392bad0-f936-4b64-a445-552597795cc7}*SharedItemsImports = 5
		source\YamlData\YamlData.projitems*{e392bad0-f936-4b64-a445-552597795cc7}*SharedItemsImports = 5
		source\Animatables\Animatables.projitems*{e91e3cde-3088-4b12-8472-d2c1c05b7229}*SharedItemsImports = 5
		source\CompMetadata\CompMetadata.projitems*{e91e3cde-3088-4b12-8472-d2c1c05b7229}*SharedItemsImports = 5
		source\DotLottie\DotLottie.projitems*{e91e3cde-3088-4b12-8472-d2c1c05b7229}*SharedItemsImports = 5
		source\GenericData\GenericData.projitems*{e91e3cde-3088-4b12-8472-d2c1c05b7229}*SharedItemsImports = 5
		source\LottieData\LottieData.projitems*{e91e3cde-3088-4b12-8472-d2c1c05b7229}*SharedItemsImports = 5
		source\LottieGenExe\LottieGenExe.projitems*{e91e3cde-3088-4b12-8472-d2c1c05b7229}*SharedItemsImports = 5
		source\LottieGen\LottieGen.projitems*{e91e3cde-3088-4b12-8472-d2c1c05b7229}*SharedItemsImports = 5
		source\LottieMetadata\LottieMetadata.projitems*{e91e3cde-3088-4b12-8472-d2c1c05b7229}*SharedItemsImports = 5
		source\LottieReader\LottieReader.projitems*{e91e3cde-3088-4b12-8472-d2c1c05b7229}*SharedItemsImports = 5
		source\LottieToWinComp\LottieToWinComp.projitems*{e91e3cde-3088-4b12-8472-d2c1c05b7229}*SharedItemsImports = 5
		source\UIDataCodeGen\UIDataCodeGen.projitems*{e91e3cde-3088-4b12-8472-d2c1c05b7229}*SharedItemsImports = 5
		source\UIData\UIData.projitems*{e91e3cde-3088-4b12-8472-d2c1c05b7229}*SharedItemsImports = 5
		source\WinCompData\WinCompData.projitems*{e91e3cde-3088-4b12-8472-d2c1c05b7229}*SharedItemsImports = 5
		source\WinStorageStreamsData\WinStorageStreamsData.projitems*{e91e3cde-3088-4b12-8472-d2c1c05b7229}*SharedItemsImports = 5
		source\WinUIXamlMediaData\WinUIXamlMediaData.projitems*{e91e3cde-3088-4b12-8472-d2c1c05b7229}*SharedItemsImports = 5
		source\YamlData\YamlData.projitems*{e91e3cde-3088-4b12-8472-d2c1c05b7229}*SharedItemsImports = 5
		source\Animatables\Animatables.projitems*{fc89273a-b2da-4625-8a73-ef02a658d65e}*SharedItemsImports = 13
	EndGlobalSection
EndGlobal
