
Microsoft Visual Studio Solution File, Format Version 12.00
# Visual Studio Version 16
VisualStudioVersion = 16.0.28315.86
MinimumVisualStudioVersion = 10.0.40219.1
Project("{D954291E-2A0B-460D-934E-DC6B0785DB48}") = "LottieData", "..\source\LottieData\LottieData.shproj", "{B3DB16EE-A821-4474-A188-E64926529BBD}"
EndProject
Project("{D954291E-2A0B-460D-934E-DC6B0785DB48}") = "LottieReader", "..\source\LottieReader\LottieReader.shproj", "{4E7D8957-3F5F-46E1-99A8-2012B806C9B0}"
EndProject
Project("{D954291E-2A0B-460D-934E-DC6B0785DB48}") = "LottieToWinComp", "..\source\LottieToWinComp\LottieToWinComp.shproj", "{0340244A-683C-405E-838B-F93872779532}"
EndProject
Project("{D954291E-2A0B-460D-934E-DC6B0785DB48}") = "WinCompData", "..\source\WinCompData\WinCompData.shproj", "{D02870DE-7DED-4916-85D4-3175CEEDEF74}"
EndProject
Project("{9A19103F-16F7-4668-BE54-9A1E7A4F7556}") = "LottieGen", "LottieGen.csproj", "{CB12D5BA-A6FE-41E2-B555-83C903CCE92A}"
EndProject
Project("{2150E333-8FDC-42A3-9474-1A3956D46DE8}") = "source", "source", "{AB232F35-AAF7-4AE2-B1D2-45DD9BC2F7D7}"
	ProjectSection(SolutionItems) = preProject
		source\README.md = source\README.md
	EndProjectSection
EndProject
Global
	GlobalSection(SharedMSBuildProjectFiles) = preSolution
		..\source\LottieToWinComp\LottieToWinComp.projitems*{0340244a-683c-405e-838b-f93872779532}*SharedItemsImports = 13
		..\source\LottieReader\LottieReader.projitems*{4e7d8957-3f5f-46e1-99a8-2012b806c9b0}*SharedItemsImports = 13
		..\source\LottieData\LottieData.projitems*{b3db16ee-a821-4474-a188-e64926529bbd}*SharedItemsImports = 13
		..\source\WinCompData\WinCompData.projitems*{d02870de-7ded-4916-85d4-3175ceedef74}*SharedItemsImports = 13
	EndGlobalSection
	GlobalSection(SolutionConfigurationPlatforms) = preSolution
		Debug|Any CPU = Debug|Any CPU
		Debug|ARM = Debug|ARM
		Debug|x64 = Debug|x64
		Debug|x86 = Debug|x86
		Release|Any CPU = Release|Any CPU
		Release|ARM = Release|ARM
		Release|x64 = Release|x64
		Release|x86 = Release|x86
	EndGlobalSection
	GlobalSection(ProjectConfigurationPlatforms) = postSolution
		{CB12D5BA-A6FE-41E2-B555-83C903CCE92A}.Debug|Any CPU.ActiveCfg = Debug|Any CPU
		{CB12D5BA-A6FE-41E2-B555-83C903CCE92A}.Debug|Any CPU.Build.0 = Debug|Any CPU
		{CB12D5BA-A6FE-41E2-B555-83C903CCE92A}.Debug|ARM.ActiveCfg = Debug|Any CPU
		{CB12D5BA-A6FE-41E2-B555-83C903CCE92A}.Debug|x64.ActiveCfg = Debug|Any CPU
		{CB12D5BA-A6FE-41E2-B555-83C903CCE92A}.Debug|x86.ActiveCfg = Debug|Any CPU
		{CB12D5BA-A6FE-41E2-B555-83C903CCE92A}.Release|Any CPU.ActiveCfg = Release|Any CPU
		{CB12D5BA-A6FE-41E2-B555-83C903CCE92A}.Release|Any CPU.Build.0 = Release|Any CPU
		{CB12D5BA-A6FE-41E2-B555-83C903CCE92A}.Release|ARM.ActiveCfg = Release|Any CPU
		{CB12D5BA-A6FE-41E2-B555-83C903CCE92A}.Release|x64.ActiveCfg = Release|Any CPU
		{CB12D5BA-A6FE-41E2-B555-83C903CCE92A}.Release|x86.ActiveCfg = Release|Any CPU
		{CB12D5BA-A6FE-41E2-B555-83C903CCE92A}.Release|x86.Build.0 = Release|Any CPU
	EndGlobalSection
	GlobalSection(SolutionProperties) = preSolution
		HideSolutionNode = FALSE
	EndGlobalSection
	GlobalSection(NestedProjects) = preSolution
		{B3DB16EE-A821-4474-A188-E64926529BBD} = {AB232F35-AAF7-4AE2-B1D2-45DD9BC2F7D7}
		{4E7D8957-3F5F-46E1-99A8-2012B806C9B0} = {AB232F35-AAF7-4AE2-B1D2-45DD9BC2F7D7}
		{0340244A-683C-405E-838B-F93872779532} = {AB232F35-AAF7-4AE2-B1D2-45DD9BC2F7D7}
		{D02870DE-7DED-4916-85D4-3175CEEDEF74} = {AB232F35-AAF7-4AE2-B1D2-45DD9BC2F7D7}
	EndGlobalSection
	GlobalSection(ExtensibilityGlobals) = postSolution
		SolutionGuid = {51B9BB4C-5196-41CF-950C-12B04AD8A61C}
	EndGlobalSection
EndGlobal
