<?xml version="1.0" encoding="utf-8"?>
<Project ToolsVersion="15.0" xmlns="http://schemas.microsoft.com/developer/msbuild/2003">
  <ItemGroup>
    <Filter Include="Resources">
      <UniqueIdentifier>accd3aa8-1ba0-4223-9bbe-0c431709210b</UniqueIdentifier>
      <Extensions>rc;ico;cur;bmp;dlg;rc2;rct;bin;rgs;gif;jpg;jpeg;jpe;resx;tga;tiff;tif;png;wav;mfcribbon-ms</Extensions>
    </Filter>
    <Filter Include="Generated Files">
      <UniqueIdentifier>{926ab91d-31b4-48c3-b9a4-e681349f27f0}</UniqueIdentifier>
    </Filter>
    <Filter Include="Assets">
      <UniqueIdentifier>{8de2e0c6-cc70-4b56-a68f-dd3ec76ce5fc}</UniqueIdentifier>
    </Filter>
    <Filter Include="Automation">
      <UniqueIdentifier>{f244735f-9786-4673-9823-f1b890d98b19}</UniqueIdentifier>
    </Filter>
  </ItemGroup>
  <ItemGroup>
    <ClCompile Include="pch.cpp" />
    <ClCompile Include="$(GeneratedFilesDir)module.g.cpp" />
    <ClCompile Include="AutomationBase.cpp">
      <Filter>Automation</Filter>
    </ClCompile>
    <ClCompile Include="AutomationElement.cpp">
      <Filter>Automation</Filter>
    </ClCompile>
    <ClCompile Include="AutomationFragment.cpp">
      <Filter>Automation</Filter>
    </ClCompile>
    <ClCompile Include="AutomationFragmentRoot.cpp">
      <Filter>Automation</Filter>
    </ClCompile>
    <ClCompile Include="LottieIslandAutomationProvider.cpp" />
  </ItemGroup>
  <ItemGroup>
    <ClInclude Include="pch.h" />
    <ClInclude Include="AutomationBase.h">
      <Filter>Automation</Filter>
    </ClInclude>
    <ClInclude Include="AutomationCallbackHandler.h">
      <Filter>Automation</Filter>
    </ClInclude>
    <ClInclude Include="AutomationCallbackRevoker.h">
      <Filter>Automation</Filter>
    </ClInclude>
    <ClInclude Include="AutomationElement.h">
      <Filter>Automation</Filter>
    </ClInclude>
    <ClInclude Include="AutomationFragment.h">
      <Filter>Automation</Filter>
    </ClInclude>
    <ClInclude Include="AutomationFragmentRoot.h">
      <Filter>Automation</Filter>
    </ClInclude>
    <ClInclude Include="LottieIslandAutomationProvider.h" />
  </ItemGroup>
  <ItemGroup>
    <Midl Include="CommunityToolkit.WinAppSDK.LottieIsland.idl" />
  </ItemGroup>
  <ItemGroup>
    <None Include="packages.config" />
    <None Include="CommunityToolkit.WinAppSDK.LottieIsland.def" />
    <None Include="Directory.Build.props" />
  </ItemGroup>
  <ItemGroup>
    <None Include="PropertySheet.props" />
  </ItemGroup>
  <ItemGroup>
    <Text Include="readme.txt" />
  </ItemGroup>
  <ItemGroup>
    <Natvis Include="$(MSBuildThisFileDirectory)..\..\natvis\wil.natvis" />
  </ItemGroup>
</Project>